// !$*UTF8*$!
{
	archiveVersion = 1;
	classes = {
	};
	objectVersion = 56;
	objects = {

/* Begin PBXBuildFile section */
		CF3FAE272B5A6985000E90E1 /* AppDelegate.swift in Sources */ = {isa = PBXBuildFile; fileRef = CF3FAE262B5A6985000E90E1 /* AppDelegate.swift */; };
		CF3FAE292B5A6985000E90E1 /* SceneDelegate.swift in Sources */ = {isa = PBXBuildFile; fileRef = CF3FAE282B5A6985000E90E1 /* SceneDelegate.swift */; };
		CF3FAE302B5A6986000E90E1 /* Assets.xcassets in Resources */ = {isa = PBXBuildFile; fileRef = CF3FAE2F2B5A6986000E90E1 /* Assets.xcassets */; };
		CF3FAE332B5A6986000E90E1 /* LaunchScreen.storyboard in Resources */ = {isa = PBXBuildFile; fileRef = CF3FAE312B5A6986000E90E1 /* LaunchScreen.storyboard */; };
		CF3FAE3E2B5A6987000E90E1 /* NewsAppTests.swift in Sources */ = {isa = PBXBuildFile; fileRef = CF3FAE3D2B5A6987000E90E1 /* NewsAppTests.swift */; };
		CF3FAE482B5A6987000E90E1 /* NewsAppUITests.swift in Sources */ = {isa = PBXBuildFile; fileRef = CF3FAE472B5A6987000E90E1 /* NewsAppUITests.swift */; };
		CF3FAE4A2B5A6987000E90E1 /* NewsAppUITestsLaunchTests.swift in Sources */ = {isa = PBXBuildFile; fileRef = CF3FAE492B5A6987000E90E1 /* NewsAppUITestsLaunchTests.swift */; };
/* End PBXBuildFile section */

/* Begin PBXContainerItemProxy section */
		CF3FAE3A2B5A6987000E90E1 /* PBXContainerItemProxy */ = {
			isa = PBXContainerItemProxy;
			containerPortal = CF3FAE1B2B5A6985000E90E1 /* Project object */;
			proxyType = 1;
			remoteGlobalIDString = CF3FAE222B5A6985000E90E1;
			remoteInfo = NewsApp;
		};
		CF3FAE442B5A6987000E90E1 /* PBXContainerItemProxy */ = {
			isa = PBXContainerItemProxy;
			containerPortal = CF3FAE1B2B5A6985000E90E1 /* Project object */;
			proxyType = 1;
			remoteGlobalIDString = CF3FAE222B5A6985000E90E1;
			remoteInfo = NewsApp;
		};
/* End PBXContainerItemProxy section */

/* Begin PBXFileReference section */
		CF3FAE232B5A6985000E90E1 /* NewsApp.app */ = {isa = PBXFileReference; explicitFileType = wrapper.application; includeInIndex = 0; path = NewsApp.app; sourceTree = BUILT_PRODUCTS_DIR; };
		CF3FAE262B5A6985000E90E1 /* AppDelegate.swift */ = {isa = PBXFileReference; lastKnownFileType = sourcecode.swift; path = AppDelegate.swift; sourceTree = "<group>"; };
		CF3FAE282B5A6985000E90E1 /* SceneDelegate.swift */ = {isa = PBXFileReference; lastKnownFileType = sourcecode.swift; path = SceneDelegate.swift; sourceTree = "<group>"; };
		CF3FAE2F2B5A6986000E90E1 /* Assets.xcassets */ = {isa = PBXFileReference; lastKnownFileType = folder.assetcatalog; path = Assets.xcassets; sourceTree = "<group>"; };
		CF3FAE322B5A6986000E90E1 /* Base */ = {isa = PBXFileReference; lastKnownFileType = file.storyboard; name = Base; path = Base.lproj/LaunchScreen.storyboard; sourceTree = "<group>"; };
		CF3FAE342B5A6986000E90E1 /* Info.plist */ = {isa = PBXFileReference; lastKnownFileType = text.plist.xml; path = Info.plist; sourceTree = "<group>"; };
		CF3FAE392B5A6987000E90E1 /* NewsAppTests.xctest */ = {isa = PBXFileReference; explicitFileType = wrapper.cfbundle; includeInIndex = 0; path = NewsAppTests.xctest; sourceTree = BUILT_PRODUCTS_DIR; };
		CF3FAE3D2B5A6987000E90E1 /* NewsAppTests.swift */ = {isa = PBXFileReference; lastKnownFileType = sourcecode.swift; path = NewsAppTests.swift; sourceTree = "<group>"; };
		CF3FAE432B5A6987000E90E1 /* NewsAppUITests.xctest */ = {isa = PBXFileReference; explicitFileType = wrapper.cfbundle; includeInIndex = 0; path = NewsAppUITests.xctest; sourceTree = BUILT_PRODUCTS_DIR; };
		CF3FAE472B5A6987000E90E1 /* NewsAppUITests.swift */ = {isa = PBXFileReference; lastKnownFileType = sourcecode.swift; path = NewsAppUITests.swift; sourceTree = "<group>"; };
		CF3FAE492B5A6987000E90E1 /* NewsAppUITestsLaunchTests.swift */ = {isa = PBXFileReference; lastKnownFileType = sourcecode.swift; path = NewsAppUITestsLaunchTests.swift; sourceTree = "<group>"; };
/* End PBXFileReference section */

/* Begin PBXFrameworksBuildPhase section */
		CF3FAE202B5A6985000E90E1 /* Frameworks */ = {
			isa = PBXFrameworksBuildPhase;
			buildActionMask = 2147483647;
			files = (
			);
			runOnlyForDeploymentPostprocessing = 0;
		};
		CF3FAE362B5A6987000E90E1 /* Frameworks */ = {
			isa = PBXFrameworksBuildPhase;
			buildActionMask = 2147483647;
			files = (
			);
			runOnlyForDeploymentPostprocessing = 0;
		};
		CF3FAE402B5A6987000E90E1 /* Frameworks */ = {
			isa = PBXFrameworksBuildPhase;
			buildActionMask = 2147483647;
			files = (
			);
			runOnlyForDeploymentPostprocessing = 0;
		};
/* End PBXFrameworksBuildPhase section */

/* Begin PBXGroup section */
		CF3FAE1A2B5A6985000E90E1 = {
			isa = PBXGroup;
			children = (
				CF3FAE252B5A6985000E90E1 /* NewsApp */,
				CF3FAE3C2B5A6987000E90E1 /* NewsAppTests */,
				CF3FAE462B5A6987000E90E1 /* NewsAppUITests */,
				CF3FAE242B5A6985000E90E1 /* Products */,
			);
			sourceTree = "<group>";
		};
		CF3FAE242B5A6985000E90E1 /* Products */ = {
			isa = PBXGroup;
			children = (
				CF3FAE232B5A6985000E90E1 /* NewsApp.app */,
				CF3FAE392B5A6987000E90E1 /* NewsAppTests.xctest */,
				CF3FAE432B5A6987000E90E1 /* NewsAppUITests.xctest */,
			);
			name = Products;
			sourceTree = "<group>";
		};
		CF3FAE252B5A6985000E90E1 /* NewsApp */ = {
			isa = PBXGroup;
			children = (
				CF3FAE562B5A69D7000E90E1 /* Application */,
				CF3FAE592B5A6CAF000E90E1 /* Presentation */,
				CF3FAE5A2B5A6CB3000E90E1 /* Domain */,
				CF3FAE582B5A6CA3000E90E1 /* Data */,
				CF3FAE5D2B5A6D22000E90E1 /* Network */,
				CF3FAE5B2B5A6CDE000E90E1 /* Common */,
				CF3FAE5C2B5A6CE1000E90E1 /* Resources */,
			);
			path = NewsApp;
			sourceTree = "<group>";
		};
		CF3FAE3C2B5A6987000E90E1 /* NewsAppTests */ = {
			isa = PBXGroup;
			children = (
				CF3FAE3D2B5A6987000E90E1 /* NewsAppTests.swift */,
			);
			path = NewsAppTests;
			sourceTree = "<group>";
		};
		CF3FAE462B5A6987000E90E1 /* NewsAppUITests */ = {
			isa = PBXGroup;
			children = (
				CF3FAE472B5A6987000E90E1 /* NewsAppUITests.swift */,
				CF3FAE492B5A6987000E90E1 /* NewsAppUITestsLaunchTests.swift */,
			);
			path = NewsAppUITests;
			sourceTree = "<group>";
		};
		CF3FAE562B5A69D7000E90E1 /* Application */ = {
			isa = PBXGroup;
			children = (
				CF3FAE262B5A6985000E90E1 /* AppDelegate.swift */,
				CF3FAE282B5A6985000E90E1 /* SceneDelegate.swift */,
				CF3FAE572B5A6B26000E90E1 /* DIContainer */,
			);
			path = Application;
			sourceTree = "<group>";
		};
		CF3FAE572B5A6B26000E90E1 /* DIContainer */ = {
			isa = PBXGroup;
			children = (
			);
			path = DIContainer;
			sourceTree = "<group>";
		};
		CF3FAE582B5A6CA3000E90E1 /* Data */ = {
			isa = PBXGroup;
			children = (
				CF3FAE6B2B5A6DDC000E90E1 /* DTO */,
				CF3FAE6A2B5A6DD5000E90E1 /* Repository */,
			);
			path = Data;
			sourceTree = "<group>";
		};
		CF3FAE592B5A6CAF000E90E1 /* Presentation */ = {
			isa = PBXGroup;
			children = (
				CF3FAE5E2B5A6D2D000E90E1 /* NewsScene */,
			);
			path = Presentation;
			sourceTree = "<group>";
		};
		CF3FAE5A2B5A6CB3000E90E1 /* Domain */ = {
			isa = PBXGroup;
			children = (
				CF3FAE672B5A6DC5000E90E1 /* Entity */,
				CF3FAE692B5A6DCB000E90E1 /* Interface */,
				CF3FAE682B5A6DC9000E90E1 /* UseCase */,
			);
			path = Domain;
			sourceTree = "<group>";
		};
		CF3FAE5B2B5A6CDE000E90E1 /* Common */ = {
			isa = PBXGroup;
			children = (
			);
			path = Common;
			sourceTree = "<group>";
		};
		CF3FAE5C2B5A6CE1000E90E1 /* Resources */ = {
			isa = PBXGroup;
			children = (
				CF3FAE2F2B5A6986000E90E1 /* Assets.xcassets */,
				CF3FAE342B5A6986000E90E1 /* Info.plist */,
				CF3FAE312B5A6986000E90E1 /* LaunchScreen.storyboard */,
			);
			path = Resources;
			sourceTree = "<group>";
		};
		CF3FAE5D2B5A6D22000E90E1 /* Network */ = {
			isa = PBXGroup;
			children = (
			);
			path = Network;
			sourceTree = "<group>";
		};
		CF3FAE5E2B5A6D2D000E90E1 /* NewsScene */ = {
			isa = PBXGroup;
			children = (
				CF3FAE622B5A6D76000E90E1 /* Search */,
				CF3FAE602B5A6D60000E90E1 /* HeadLine */,
				CF3FAE5F2B5A6D4B000E90E1 /* Flow */,
			);
			path = NewsScene;
			sourceTree = "<group>";
		};
		CF3FAE5F2B5A6D4B000E90E1 /* Flow */ = {
			isa = PBXGroup;
			children = (
			);
			path = Flow;
			sourceTree = "<group>";
		};
		CF3FAE602B5A6D60000E90E1 /* HeadLine */ = {
			isa = PBXGroup;
			children = (
				CF3FAE662B5A6DA4000E90E1 /* ViewModel */,
				CF3FAE652B5A6DA2000E90E1 /* View */,
			);
			path = HeadLine;
			sourceTree = "<group>";
		};
		CF3FAE622B5A6D76000E90E1 /* Search */ = {
			isa = PBXGroup;
			children = (
				CF3FAE642B5A6D9F000E90E1 /* ViewModel */,
				CF3FAE632B5A6D9B000E90E1 /* View */,
			);
			path = Search;
			sourceTree = "<group>";
		};
		CF3FAE632B5A6D9B000E90E1 /* View */ = {
			isa = PBXGroup;
			children = (
			);
			path = View;
			sourceTree = "<group>";
		};
		CF3FAE642B5A6D9F000E90E1 /* ViewModel */ = {
			isa = PBXGroup;
			children = (
			);
			path = ViewModel;
			sourceTree = "<group>";
		};
		CF3FAE652B5A6DA2000E90E1 /* View */ = {
			isa = PBXGroup;
			children = (
			);
			path = View;
			sourceTree = "<group>";
		};
		CF3FAE662B5A6DA4000E90E1 /* ViewModel */ = {
			isa = PBXGroup;
			children = (
			);
			path = ViewModel;
			sourceTree = "<group>";
		};
		CF3FAE672B5A6DC5000E90E1 /* Entity */ = {
			isa = PBXGroup;
			children = (
			);
			path = Entity;
			sourceTree = "<group>";
		};
		CF3FAE682B5A6DC9000E90E1 /* UseCase */ = {
			isa = PBXGroup;
			children = (
			);
			path = UseCase;
			sourceTree = "<group>";
		};
		CF3FAE692B5A6DCB000E90E1 /* Interface */ = {
			isa = PBXGroup;
			children = (
			);
			path = Interface;
			sourceTree = "<group>";
		};
		CF3FAE6A2B5A6DD5000E90E1 /* Repository */ = {
			isa = PBXGroup;
			children = (
			);
			path = Repository;
			sourceTree = "<group>";
		};
		CF3FAE6B2B5A6DDC000E90E1 /* DTO */ = {
			isa = PBXGroup;
			children = (
			);
			path = DTO;
			sourceTree = "<group>";
		};
/* End PBXGroup section */

/* Begin PBXNativeTarget section */
		CF3FAE222B5A6985000E90E1 /* NewsApp */ = {
			isa = PBXNativeTarget;
			buildConfigurationList = CF3FAE4D2B5A6987000E90E1 /* Build configuration list for PBXNativeTarget "NewsApp" */;
			buildPhases = (
				CF3FAE1F2B5A6985000E90E1 /* Sources */,
				CF3FAE202B5A6985000E90E1 /* Frameworks */,
				CF3FAE212B5A6985000E90E1 /* Resources */,
			);
			buildRules = (
			);
			dependencies = (
			);
			name = NewsApp;
			productName = NewsApp;
			productReference = CF3FAE232B5A6985000E90E1 /* NewsApp.app */;
			productType = "com.apple.product-type.application";
		};
		CF3FAE382B5A6987000E90E1 /* NewsAppTests */ = {
			isa = PBXNativeTarget;
			buildConfigurationList = CF3FAE502B5A6987000E90E1 /* Build configuration list for PBXNativeTarget "NewsAppTests" */;
			buildPhases = (
				CF3FAE352B5A6987000E90E1 /* Sources */,
				CF3FAE362B5A6987000E90E1 /* Frameworks */,
				CF3FAE372B5A6987000E90E1 /* Resources */,
			);
			buildRules = (
			);
			dependencies = (
				CF3FAE3B2B5A6987000E90E1 /* PBXTargetDependency */,
			);
			name = NewsAppTests;
			productName = NewsAppTests;
			productReference = CF3FAE392B5A6987000E90E1 /* NewsAppTests.xctest */;
			productType = "com.apple.product-type.bundle.unit-test";
		};
		CF3FAE422B5A6987000E90E1 /* NewsAppUITests */ = {
			isa = PBXNativeTarget;
			buildConfigurationList = CF3FAE532B5A6987000E90E1 /* Build configuration list for PBXNativeTarget "NewsAppUITests" */;
			buildPhases = (
				CF3FAE3F2B5A6987000E90E1 /* Sources */,
				CF3FAE402B5A6987000E90E1 /* Frameworks */,
				CF3FAE412B5A6987000E90E1 /* Resources */,
			);
			buildRules = (
			);
			dependencies = (
				CF3FAE452B5A6987000E90E1 /* PBXTargetDependency */,
			);
			name = NewsAppUITests;
			productName = NewsAppUITests;
			productReference = CF3FAE432B5A6987000E90E1 /* NewsAppUITests.xctest */;
			productType = "com.apple.product-type.bundle.ui-testing";
		};
/* End PBXNativeTarget section */

/* Begin PBXProject section */
		CF3FAE1B2B5A6985000E90E1 /* Project object */ = {
			isa = PBXProject;
			attributes = {
				BuildIndependentTargetsInParallel = 1;
				LastSwiftUpdateCheck = 1500;
				LastUpgradeCheck = 1500;
				TargetAttributes = {
					CF3FAE222B5A6985000E90E1 = {
						CreatedOnToolsVersion = 15.0.1;
					};
					CF3FAE382B5A6987000E90E1 = {
						CreatedOnToolsVersion = 15.0.1;
						TestTargetID = CF3FAE222B5A6985000E90E1;
					};
					CF3FAE422B5A6987000E90E1 = {
						CreatedOnToolsVersion = 15.0.1;
						TestTargetID = CF3FAE222B5A6985000E90E1;
					};
				};
			};
			buildConfigurationList = CF3FAE1E2B5A6985000E90E1 /* Build configuration list for PBXProject "NewsApp" */;
			compatibilityVersion = "Xcode 14.0";
			developmentRegion = en;
			hasScannedForEncodings = 0;
			knownRegions = (
				en,
				Base,
			);
			mainGroup = CF3FAE1A2B5A6985000E90E1;
			productRefGroup = CF3FAE242B5A6985000E90E1 /* Products */;
			projectDirPath = "";
			projectRoot = "";
			targets = (
				CF3FAE222B5A6985000E90E1 /* NewsApp */,
				CF3FAE382B5A6987000E90E1 /* NewsAppTests */,
				CF3FAE422B5A6987000E90E1 /* NewsAppUITests */,
			);
		};
/* End PBXProject section */

/* Begin PBXResourcesBuildPhase section */
		CF3FAE212B5A6985000E90E1 /* Resources */ = {
			isa = PBXResourcesBuildPhase;
			buildActionMask = 2147483647;
			files = (
				CF3FAE332B5A6986000E90E1 /* LaunchScreen.storyboard in Resources */,
				CF3FAE302B5A6986000E90E1 /* Assets.xcassets in Resources */,
			);
			runOnlyForDeploymentPostprocessing = 0;
		};
		CF3FAE372B5A6987000E90E1 /* Resources */ = {
			isa = PBXResourcesBuildPhase;
			buildActionMask = 2147483647;
			files = (
			);
			runOnlyForDeploymentPostprocessing = 0;
		};
		CF3FAE412B5A6987000E90E1 /* Resources */ = {
			isa = PBXResourcesBuildPhase;
			buildActionMask = 2147483647;
			files = (
			);
			runOnlyForDeploymentPostprocessing = 0;
		};
/* End PBXResourcesBuildPhase section */

/* Begin PBXSourcesBuildPhase section */
		CF3FAE1F2B5A6985000E90E1 /* Sources */ = {
			isa = PBXSourcesBuildPhase;
			buildActionMask = 2147483647;
			files = (
				CF3FAE272B5A6985000E90E1 /* AppDelegate.swift in Sources */,
				CF3FAE292B5A6985000E90E1 /* SceneDelegate.swift in Sources */,
			);
			runOnlyForDeploymentPostprocessing = 0;
		};
		CF3FAE352B5A6987000E90E1 /* Sources */ = {
			isa = PBXSourcesBuildPhase;
			buildActionMask = 2147483647;
			files = (
				CF3FAE3E2B5A6987000E90E1 /* NewsAppTests.swift in Sources */,
			);
			runOnlyForDeploymentPostprocessing = 0;
		};
		CF3FAE3F2B5A6987000E90E1 /* Sources */ = {
			isa = PBXSourcesBuildPhase;
			buildActionMask = 2147483647;
			files = (
				CF3FAE482B5A6987000E90E1 /* NewsAppUITests.swift in Sources */,
				CF3FAE4A2B5A6987000E90E1 /* NewsAppUITestsLaunchTests.swift in Sources */,
			);
			runOnlyForDeploymentPostprocessing = 0;
		};
/* End PBXSourcesBuildPhase section */

/* Begin PBXTargetDependency section */
		CF3FAE3B2B5A6987000E90E1 /* PBXTargetDependency */ = {
			isa = PBXTargetDependency;
			target = CF3FAE222B5A6985000E90E1 /* NewsApp */;
			targetProxy = CF3FAE3A2B5A6987000E90E1 /* PBXContainerItemProxy */;
		};
		CF3FAE452B5A6987000E90E1 /* PBXTargetDependency */ = {
			isa = PBXTargetDependency;
			target = CF3FAE222B5A6985000E90E1 /* NewsApp */;
			targetProxy = CF3FAE442B5A6987000E90E1 /* PBXContainerItemProxy */;
		};
/* End PBXTargetDependency section */

/* Begin PBXVariantGroup section */
		CF3FAE312B5A6986000E90E1 /* LaunchScreen.storyboard */ = {
			isa = PBXVariantGroup;
			children = (
				CF3FAE322B5A6986000E90E1 /* Base */,
			);
			name = LaunchScreen.storyboard;
			sourceTree = "<group>";
		};
/* End PBXVariantGroup section */

/* Begin XCBuildConfiguration section */
		CF3FAE4B2B5A6987000E90E1 /* Debug */ = {
			isa = XCBuildConfiguration;
			buildSettings = {
				ALWAYS_SEARCH_USER_PATHS = NO;
				ASSETCATALOG_COMPILER_GENERATE_SWIFT_ASSET_SYMBOL_EXTENSIONS = YES;
				CLANG_ANALYZER_NONNULL = YES;
				CLANG_ANALYZER_NUMBER_OBJECT_CONVERSION = YES_AGGRESSIVE;
				CLANG_CXX_LANGUAGE_STANDARD = "gnu++20";
				CLANG_ENABLE_MODULES = YES;
				CLANG_ENABLE_OBJC_ARC = YES;
				CLANG_ENABLE_OBJC_WEAK = YES;
				CLANG_WARN_BLOCK_CAPTURE_AUTORELEASING = YES;
				CLANG_WARN_BOOL_CONVERSION = YES;
				CLANG_WARN_COMMA = YES;
				CLANG_WARN_CONSTANT_CONVERSION = YES;
				CLANG_WARN_DEPRECATED_OBJC_IMPLEMENTATIONS = YES;
				CLANG_WARN_DIRECT_OBJC_ISA_USAGE = YES_ERROR;
				CLANG_WARN_DOCUMENTATION_COMMENTS = YES;
				CLANG_WARN_EMPTY_BODY = YES;
				CLANG_WARN_ENUM_CONVERSION = YES;
				CLANG_WARN_INFINITE_RECURSION = YES;
				CLANG_WARN_INT_CONVERSION = YES;
				CLANG_WARN_NON_LITERAL_NULL_CONVERSION = YES;
				CLANG_WARN_OBJC_IMPLICIT_RETAIN_SELF = YES;
				CLANG_WARN_OBJC_LITERAL_CONVERSION = YES;
				CLANG_WARN_OBJC_ROOT_CLASS = YES_ERROR;
				CLANG_WARN_QUOTED_INCLUDE_IN_FRAMEWORK_HEADER = YES;
				CLANG_WARN_RANGE_LOOP_ANALYSIS = YES;
				CLANG_WARN_STRICT_PROTOTYPES = YES;
				CLANG_WARN_SUSPICIOUS_MOVE = YES;
				CLANG_WARN_UNGUARDED_AVAILABILITY = YES_AGGRESSIVE;
				CLANG_WARN_UNREACHABLE_CODE = YES;
				CLANG_WARN__DUPLICATE_METHOD_MATCH = YES;
				COPY_PHASE_STRIP = NO;
				DEBUG_INFORMATION_FORMAT = dwarf;
				ENABLE_STRICT_OBJC_MSGSEND = YES;
				ENABLE_TESTABILITY = YES;
				ENABLE_USER_SCRIPT_SANDBOXING = YES;
				GCC_C_LANGUAGE_STANDARD = gnu17;
				GCC_DYNAMIC_NO_PIC = NO;
				GCC_NO_COMMON_BLOCKS = YES;
				GCC_OPTIMIZATION_LEVEL = 0;
				GCC_PREPROCESSOR_DEFINITIONS = (
					"DEBUG=1",
					"$(inherited)",
				);
				GCC_WARN_64_TO_32_BIT_CONVERSION = YES;
				GCC_WARN_ABOUT_RETURN_TYPE = YES_ERROR;
				GCC_WARN_UNDECLARED_SELECTOR = YES;
				GCC_WARN_UNINITIALIZED_AUTOS = YES_AGGRESSIVE;
				GCC_WARN_UNUSED_FUNCTION = YES;
				GCC_WARN_UNUSED_VARIABLE = YES;
				IPHONEOS_DEPLOYMENT_TARGET = 17.0;
				LOCALIZATION_PREFERS_STRING_CATALOGS = YES;
				MTL_ENABLE_DEBUG_INFO = INCLUDE_SOURCE;
				MTL_FAST_MATH = YES;
				ONLY_ACTIVE_ARCH = YES;
				SDKROOT = iphoneos;
				SWIFT_ACTIVE_COMPILATION_CONDITIONS = "DEBUG $(inherited)";
				SWIFT_OPTIMIZATION_LEVEL = "-Onone";
			};
			name = Debug;
		};
		CF3FAE4C2B5A6987000E90E1 /* Release */ = {
			isa = XCBuildConfiguration;
			buildSettings = {
				ALWAYS_SEARCH_USER_PATHS = NO;
				ASSETCATALOG_COMPILER_GENERATE_SWIFT_ASSET_SYMBOL_EXTENSIONS = YES;
				CLANG_ANALYZER_NONNULL = YES;
				CLANG_ANALYZER_NUMBER_OBJECT_CONVERSION = YES_AGGRESSIVE;
				CLANG_CXX_LANGUAGE_STANDARD = "gnu++20";
				CLANG_ENABLE_MODULES = YES;
				CLANG_ENABLE_OBJC_ARC = YES;
				CLANG_ENABLE_OBJC_WEAK = YES;
				CLANG_WARN_BLOCK_CAPTURE_AUTORELEASING = YES;
				CLANG_WARN_BOOL_CONVERSION = YES;
				CLANG_WARN_COMMA = YES;
				CLANG_WARN_CONSTANT_CONVERSION = YES;
				CLANG_WARN_DEPRECATED_OBJC_IMPLEMENTATIONS = YES;
				CLANG_WARN_DIRECT_OBJC_ISA_USAGE = YES_ERROR;
				CLANG_WARN_DOCUMENTATION_COMMENTS = YES;
				CLANG_WARN_EMPTY_BODY = YES;
				CLANG_WARN_ENUM_CONVERSION = YES;
				CLANG_WARN_INFINITE_RECURSION = YES;
				CLANG_WARN_INT_CONVERSION = YES;
				CLANG_WARN_NON_LITERAL_NULL_CONVERSION = YES;
				CLANG_WARN_OBJC_IMPLICIT_RETAIN_SELF = YES;
				CLANG_WARN_OBJC_LITERAL_CONVERSION = YES;
				CLANG_WARN_OBJC_ROOT_CLASS = YES_ERROR;
				CLANG_WARN_QUOTED_INCLUDE_IN_FRAMEWORK_HEADER = YES;
				CLANG_WARN_RANGE_LOOP_ANALYSIS = YES;
				CLANG_WARN_STRICT_PROTOTYPES = YES;
				CLANG_WARN_SUSPICIOUS_MOVE = YES;
				CLANG_WARN_UNGUARDED_AVAILABILITY = YES_AGGRESSIVE;
				CLANG_WARN_UNREACHABLE_CODE = YES;
				CLANG_WARN__DUPLICATE_METHOD_MATCH = YES;
				COPY_PHASE_STRIP = NO;
				DEBUG_INFORMATION_FORMAT = "dwarf-with-dsym";
				ENABLE_NS_ASSERTIONS = NO;
				ENABLE_STRICT_OBJC_MSGSEND = YES;
				ENABLE_USER_SCRIPT_SANDBOXING = YES;
				GCC_C_LANGUAGE_STANDARD = gnu17;
				GCC_NO_COMMON_BLOCKS = YES;
				GCC_WARN_64_TO_32_BIT_CONVERSION = YES;
				GCC_WARN_ABOUT_RETURN_TYPE = YES_ERROR;
				GCC_WARN_UNDECLARED_SELECTOR = YES;
				GCC_WARN_UNINITIALIZED_AUTOS = YES_AGGRESSIVE;
				GCC_WARN_UNUSED_FUNCTION = YES;
				GCC_WARN_UNUSED_VARIABLE = YES;
				IPHONEOS_DEPLOYMENT_TARGET = 17.0;
				LOCALIZATION_PREFERS_STRING_CATALOGS = YES;
				MTL_ENABLE_DEBUG_INFO = NO;
				MTL_FAST_MATH = YES;
				SDKROOT = iphoneos;
				SWIFT_COMPILATION_MODE = wholemodule;
				VALIDATE_PRODUCT = YES;
			};
			name = Release;
		};
		CF3FAE4E2B5A6987000E90E1 /* Debug */ = {
			isa = XCBuildConfiguration;
			buildSettings = {
				ASSETCATALOG_COMPILER_APPICON_NAME = AppIcon;
				ASSETCATALOG_COMPILER_GLOBAL_ACCENT_COLOR_NAME = AccentColor;
				CODE_SIGN_STYLE = Automatic;
				CURRENT_PROJECT_VERSION = 1;
				DEVELOPMENT_TEAM = EX6G2VC9J8;
				GENERATE_INFOPLIST_FILE = YES;
				INFOPLIST_FILE = NewsApp/Info.plist;
				INFOPLIST_KEY_UIApplicationSupportsIndirectInputEvents = YES;
				INFOPLIST_KEY_UILaunchStoryboardName = LaunchScreen;
				INFOPLIST_KEY_UISupportedInterfaceOrientations_iPad = "UIInterfaceOrientationPortrait UIInterfaceOrientationPortraitUpsideDown UIInterfaceOrientationLandscapeLeft UIInterfaceOrientationLandscapeRight";
				INFOPLIST_KEY_UISupportedInterfaceOrientations_iPhone = "UIInterfaceOrientationPortrait UIInterfaceOrientationLandscapeLeft UIInterfaceOrientationLandscapeRight";
				LD_RUNPATH_SEARCH_PATHS = (
					"$(inherited)",
					"@executable_path/Frameworks",
				);
				MARKETING_VERSION = 1.0;
				PRODUCT_BUNDLE_IDENTIFIER = com.dldmswo1209.NewsApp;
				PRODUCT_NAME = "$(TARGET_NAME)";
				SWIFT_EMIT_LOC_STRINGS = YES;
				SWIFT_VERSION = 5.0;
				TARGETED_DEVICE_FAMILY = "1,2";
			};
			name = Debug;
		};
		CF3FAE4F2B5A6987000E90E1 /* Release */ = {
			isa = XCBuildConfiguration;
			buildSettings = {
				ASSETCATALOG_COMPILER_APPICON_NAME = AppIcon;
				ASSETCATALOG_COMPILER_GLOBAL_ACCENT_COLOR_NAME = AccentColor;
				CODE_SIGN_STYLE = Automatic;
				CURRENT_PROJECT_VERSION = 1;
				DEVELOPMENT_TEAM = EX6G2VC9J8;
				GENERATE_INFOPLIST_FILE = YES;
				INFOPLIST_FILE = NewsApp/Info.plist;
				INFOPLIST_KEY_UIApplicationSupportsIndirectInputEvents = YES;
				INFOPLIST_KEY_UILaunchStoryboardName = LaunchScreen;
				INFOPLIST_KEY_UISupportedInterfaceOrientations_iPad = "UIInterfaceOrientationPortrait UIInterfaceOrientationPortraitUpsideDown UIInterfaceOrientationLandscapeLeft UIInterfaceOrientationLandscapeRight";
				INFOPLIST_KEY_UISupportedInterfaceOrientations_iPhone = "UIInterfaceOrientationPortrait UIInterfaceOrientationLandscapeLeft UIInterfaceOrientationLandscapeRight";
				LD_RUNPATH_SEARCH_PATHS = (
					"$(inherited)",
					"@executable_path/Frameworks",
				);
				MARKETING_VERSION = 1.0;
				PRODUCT_BUNDLE_IDENTIFIER = com.dldmswo1209.NewsApp;
				PRODUCT_NAME = "$(TARGET_NAME)";
				SWIFT_EMIT_LOC_STRINGS = YES;
				SWIFT_VERSION = 5.0;
				TARGETED_DEVICE_FAMILY = "1,2";
			};
			name = Release;
		};
		CF3FAE512B5A6987000E90E1 /* Debug */ = {
			isa = XCBuildConfiguration;
			buildSettings = {
				ALWAYS_EMBED_SWIFT_STANDARD_LIBRARIES = YES;
				BUNDLE_LOADER = "$(TEST_HOST)";
				CODE_SIGN_STYLE = Automatic;
				CURRENT_PROJECT_VERSION = 1;
				DEVELOPMENT_TEAM = EX6G2VC9J8;
				GENERATE_INFOPLIST_FILE = YES;
				IPHONEOS_DEPLOYMENT_TARGET = 17.0;
				MARKETING_VERSION = 1.0;
				PRODUCT_BUNDLE_IDENTIFIER = com.dldmswo1209.NewsAppTests;
				PRODUCT_NAME = "$(TARGET_NAME)";
				SWIFT_EMIT_LOC_STRINGS = NO;
				SWIFT_VERSION = 5.0;
				TARGETED_DEVICE_FAMILY = "1,2";
				TEST_HOST = "$(BUILT_PRODUCTS_DIR)/NewsApp.app/$(BUNDLE_EXECUTABLE_FOLDER_PATH)/NewsApp";
			};
			name = Debug;
		};
		CF3FAE522B5A6987000E90E1 /* Release */ = {
			isa = XCBuildConfiguration;
			buildSettings = {
				ALWAYS_EMBED_SWIFT_STANDARD_LIBRARIES = YES;
				BUNDLE_LOADER = "$(TEST_HOST)";
				CODE_SIGN_STYLE = Automatic;
				CURRENT_PROJECT_VERSION = 1;
				DEVELOPMENT_TEAM = EX6G2VC9J8;
				GENERATE_INFOPLIST_FILE = YES;
				IPHONEOS_DEPLOYMENT_TARGET = 17.0;
				MARKETING_VERSION = 1.0;
				PRODUCT_BUNDLE_IDENTIFIER = com.dldmswo1209.NewsAppTests;
				PRODUCT_NAME = "$(TARGET_NAME)";
				SWIFT_EMIT_LOC_STRINGS = NO;
				SWIFT_VERSION = 5.0;
				TARGETED_DEVICE_FAMILY = "1,2";
				TEST_HOST = "$(BUILT_PRODUCTS_DIR)/NewsApp.app/$(BUNDLE_EXECUTABLE_FOLDER_PATH)/NewsApp";
			};
			name = Release;
		};
		CF3FAE542B5A6987000E90E1 /* Debug */ = {
			isa = XCBuildConfiguration;
			buildSettings = {
				ALWAYS_EMBED_SWIFT_STANDARD_LIBRARIES = YES;
				CODE_SIGN_STYLE = Automatic;
				CURRENT_PROJECT_VERSION = 1;
				DEVELOPMENT_TEAM = EX6G2VC9J8;
				GENERATE_INFOPLIST_FILE = YES;
				MARKETING_VERSION = 1.0;
				PRODUCT_BUNDLE_IDENTIFIER = com.dldmswo1209.NewsAppUITests;
				PRODUCT_NAME = "$(TARGET_NAME)";
				SWIFT_EMIT_LOC_STRINGS = NO;
				SWIFT_VERSION = 5.0;
				TARGETED_DEVICE_FAMILY = "1,2";
				TEST_TARGET_NAME = NewsApp;
			};
			name = Debug;
		};
		CF3FAE552B5A6987000E90E1 /* Release */ = {
			isa = XCBuildConfiguration;
			buildSettings = {
				ALWAYS_EMBED_SWIFT_STANDARD_LIBRARIES = YES;
				CODE_SIGN_STYLE = Automatic;
				CURRENT_PROJECT_VERSION = 1;
				DEVELOPMENT_TEAM = EX6G2VC9J8;
				GENERATE_INFOPLIST_FILE = YES;
				MARKETING_VERSION = 1.0;
				PRODUCT_BUNDLE_IDENTIFIER = com.dldmswo1209.NewsAppUITests;
				PRODUCT_NAME = "$(TARGET_NAME)";
				SWIFT_EMIT_LOC_STRINGS = NO;
				SWIFT_VERSION = 5.0;
				TARGETED_DEVICE_FAMILY = "1,2";
				TEST_TARGET_NAME = NewsApp;
			};
			name = Release;
		};
/* End XCBuildConfiguration section */

/* Begin XCConfigurationList section */
		CF3FAE1E2B5A6985000E90E1 /* Build configuration list for PBXProject "NewsApp" */ = {
			isa = XCConfigurationList;
			buildConfigurations = (
				CF3FAE4B2B5A6987000E90E1 /* Debug */,
				CF3FAE4C2B5A6987000E90E1 /* Release */,
			);
			defaultConfigurationIsVisible = 0;
			defaultConfigurationName = Release;
		};
		CF3FAE4D2B5A6987000E90E1 /* Build configuration list for PBXNativeTarget "NewsApp" */ = {
			isa = XCConfigurationList;
			buildConfigurations = (
				CF3FAE4E2B5A6987000E90E1 /* Debug */,
				CF3FAE4F2B5A6987000E90E1 /* Release */,
			);
			defaultConfigurationIsVisible = 0;
			defaultConfigurationName = Release;
		};
		CF3FAE502B5A6987000E90E1 /* Build configuration list for PBXNativeTarget "NewsAppTests" */ = {
			isa = XCConfigurationList;
			buildConfigurations = (
				CF3FAE512B5A6987000E90E1 /* Debug */,
				CF3FAE522B5A6987000E90E1 /* Release */,
			);
			defaultConfigurationIsVisible = 0;
			defaultConfigurationName = Release;
		};
		CF3FAE532B5A6987000E90E1 /* Build configuration list for PBXNativeTarget "NewsAppUITests" */ = {
			isa = XCConfigurationList;
			buildConfigurations = (
				CF3FAE542B5A6987000E90E1 /* Debug */,
				CF3FAE552B5A6987000E90E1 /* Release */,
			);
			defaultConfigurationIsVisible = 0;
			defaultConfigurationName = Release;
		};
/* End XCConfigurationList section */
	};
	rootObject = CF3FAE1B2B5A6985000E90E1 /* Project object */;
}
