// !$*UTF8*$!
{
	archiveVersion = 1;
	classes = {
	};
	objectVersion = 56;
	objects = {

/* Begin PBXBuildFile section */
		CF3FAE272B5A6985000E90E1 /* AppDelegate.swift in Sources */ = {isa = PBXBuildFile; fileRef = CF3FAE262B5A6985000E90E1 /* AppDelegate.swift */; };
		CF3FAE292B5A6985000E90E1 /* SceneDelegate.swift in Sources */ = {isa = PBXBuildFile; fileRef = CF3FAE282B5A6985000E90E1 /* SceneDelegate.swift */; };
		CF3FAE302B5A6986000E90E1 /* Assets.xcassets in Resources */ = {isa = PBXBuildFile; fileRef = CF3FAE2F2B5A6986000E90E1 /* Assets.xcassets */; };
		CF3FAE332B5A6986000E90E1 /* LaunchScreen.storyboard in Resources */ = {isa = PBXBuildFile; fileRef = CF3FAE312B5A6986000E90E1 /* LaunchScreen.storyboard */; };
		CF3FAE3E2B5A6987000E90E1 /* NewsAppTests.swift in Sources */ = {isa = PBXBuildFile; fileRef = CF3FAE3D2B5A6987000E90E1 /* NewsAppTests.swift */; };
		CF3FAE482B5A6987000E90E1 /* NewsAppUITests.swift in Sources */ = {isa = PBXBuildFile; fileRef = CF3FAE472B5A6987000E90E1 /* NewsAppUITests.swift */; };
		CF3FAE4A2B5A6987000E90E1 /* NewsAppUITestsLaunchTests.swift in Sources */ = {isa = PBXBuildFile; fileRef = CF3FAE492B5A6987000E90E1 /* NewsAppUITestsLaunchTests.swift */; };
		CF3FAE6D2B5A6E40000E90E1 /* Coordinator.swift in Sources */ = {isa = PBXBuildFile; fileRef = CF3FAE6C2B5A6E40000E90E1 /* Coordinator.swift */; };
		CF3FAE732B5A6EBC000E90E1 /* HeadLineCoordinator.swift in Sources */ = {isa = PBXBuildFile; fileRef = CF3FAE722B5A6EBC000E90E1 /* HeadLineCoordinator.swift */; };
		CF3FAE752B5A6F0A000E90E1 /* HeadLineViewController.swift in Sources */ = {isa = PBXBuildFile; fileRef = CF3FAE742B5A6F0A000E90E1 /* HeadLineViewController.swift */; };
		CF3FAE772B5A731B000E90E1 /* SearchResultViewController.swift in Sources */ = {isa = PBXBuildFile; fileRef = CF3FAE762B5A731B000E90E1 /* SearchResultViewController.swift */; };
		CF3FAE792B5A75B2000E90E1 /* ItemHeadLineTableViewCell.swift in Sources */ = {isa = PBXBuildFile; fileRef = CF3FAE782B5A75B2000E90E1 /* ItemHeadLineTableViewCell.swift */; };
		CF3FAE7B2B5A7623000E90E1 /* Article.swift in Sources */ = {isa = PBXBuildFile; fileRef = CF3FAE7A2B5A7623000E90E1 /* Article.swift */; };
		CF3FAE7D2B5A7739000E90E1 /* ResultArticleDTO.swift in Sources */ = {isa = PBXBuildFile; fileRef = CF3FAE7C2B5A7739000E90E1 /* ResultArticleDTO.swift */; };
		CF3FAE7F2B5A7844000E90E1 /* ArticleDTO.swift in Sources */ = {isa = PBXBuildFile; fileRef = CF3FAE7E2B5A7844000E90E1 /* ArticleDTO.swift */; };
		CF3FAE812B5A784E000E90E1 /* SourceDTO.swift in Sources */ = {isa = PBXBuildFile; fileRef = CF3FAE802B5A784E000E90E1 /* SourceDTO.swift */; };
		CF3FAE832B5A78B3000E90E1 /* ResultArticleDTO+Mapper.swift in Sources */ = {isa = PBXBuildFile; fileRef = CF3FAE822B5A78B3000E90E1 /* ResultArticleDTO+Mapper.swift */; };
		CF3FAE852B5A78F0000E90E1 /* ArticleRepository.swift in Sources */ = {isa = PBXBuildFile; fileRef = CF3FAE842B5A78F0000E90E1 /* ArticleRepository.swift */; };
		CF3FAE872B5A7903000E90E1 /* ApiClientService.swift in Sources */ = {isa = PBXBuildFile; fileRef = CF3FAE862B5A7903000E90E1 /* ApiClientService.swift */; };
		CF3FAE8A2B5A7C08000E90E1 /* ApiError.swift in Sources */ = {isa = PBXBuildFile; fileRef = CF3FAE892B5A7C08000E90E1 /* ApiError.swift */; };
		CF3FAE8C2B5A8E54000E90E1 /* HttpResponseStatus.swift in Sources */ = {isa = PBXBuildFile; fileRef = CF3FAE8B2B5A8E54000E90E1 /* HttpResponseStatus.swift */; };
		CF3FAE8E2B5A900E000E90E1 /* ArticleQuery.swift in Sources */ = {isa = PBXBuildFile; fileRef = CF3FAE8D2B5A900E000E90E1 /* ArticleQuery.swift */; };
		CF3FAE902B5A9053000E90E1 /* HeadLineQuery.swift in Sources */ = {isa = PBXBuildFile; fileRef = CF3FAE8F2B5A9053000E90E1 /* HeadLineQuery.swift */; };
		CF3FAE932B5A908A000E90E1 /* QueryParams.swift in Sources */ = {isa = PBXBuildFile; fileRef = CF3FAE922B5A908A000E90E1 /* QueryParams.swift */; };
		CF3FAE952B5A909D000E90E1 /* SearchIn.swift in Sources */ = {isa = PBXBuildFile; fileRef = CF3FAE942B5A909D000E90E1 /* SearchIn.swift */; };
		CF3FAE972B5A90A6000E90E1 /* ArticleSortType.swift in Sources */ = {isa = PBXBuildFile; fileRef = CF3FAE962B5A90A6000E90E1 /* ArticleSortType.swift */; };
		CF3FAE992B5A90C0000E90E1 /* HeadLineCategory.swift in Sources */ = {isa = PBXBuildFile; fileRef = CF3FAE982B5A90C0000E90E1 /* HeadLineCategory.swift */; };
		CF3FAE9B2B5A90CF000E90E1 /* HeadLineCountry.swift in Sources */ = {isa = PBXBuildFile; fileRef = CF3FAE9A2B5A90CF000E90E1 /* HeadLineCountry.swift */; };
		CF3FAE9D2B5A91B3000E90E1 /* ArticleRepositoryImpl.swift in Sources */ = {isa = PBXBuildFile; fileRef = CF3FAE9C2B5A91B3000E90E1 /* ArticleRepositoryImpl.swift */; };
		CF3FAE9F2B5A921F000E90E1 /* LoadHeadLineArticlesUseCase.swift in Sources */ = {isa = PBXBuildFile; fileRef = CF3FAE9E2B5A921F000E90E1 /* LoadHeadLineArticlesUseCase.swift */; };
		CF3FAEA12B5A9310000E90E1 /* HeadLineViewModel.swift in Sources */ = {isa = PBXBuildFile; fileRef = CF3FAEA02B5A9310000E90E1 /* HeadLineViewModel.swift */; };
		CF3FAEA32B5A9423000E90E1 /* ViewState.swift in Sources */ = {isa = PBXBuildFile; fileRef = CF3FAEA22B5A9423000E90E1 /* ViewState.swift */; };
		CF3FAEAA2B5A946D000E90E1 /* BaseViewModel.swift in Sources */ = {isa = PBXBuildFile; fileRef = CF3FAEA92B5A946D000E90E1 /* BaseViewModel.swift */; };
		CF3FAEAE2B5A974A000E90E1 /* EndPoint.swift in Sources */ = {isa = PBXBuildFile; fileRef = CF3FAEAD2B5A974A000E90E1 /* EndPoint.swift */; };
		CF3FAEB12B5AA5CB000E90E1 /* SnapKit in Frameworks */ = {isa = PBXBuildFile; productRef = CF3FAEB02B5AA5CB000E90E1 /* SnapKit */; };
		CF3FAEB32B5AA5CB000E90E1 /* SnapKit-Dynamic in Frameworks */ = {isa = PBXBuildFile; productRef = CF3FAEB22B5AA5CB000E90E1 /* SnapKit-Dynamic */; };
		CF3FAEB52B5AA6A8000E90E1 /* ItemHeadLineViewModel.swift in Sources */ = {isa = PBXBuildFile; fileRef = CF3FAEB42B5AA6A8000E90E1 /* ItemHeadLineViewModel.swift */; };
		CF3FAEB82B5AA710000E90E1 /* SDWebImage in Frameworks */ = {isa = PBXBuildFile; productRef = CF3FAEB72B5AA710000E90E1 /* SDWebImage */; };
		CF3FAEBA2B5AA710000E90E1 /* SDWebImageMapKit in Frameworks */ = {isa = PBXBuildFile; productRef = CF3FAEB92B5AA710000E90E1 /* SDWebImageMapKit */; };
		CF3FAEBC2B5AA844000E90E1 /* Reusable.swift in Sources */ = {isa = PBXBuildFile; fileRef = CF3FAEBB2B5AA844000E90E1 /* Reusable.swift */; };
		CF3FAEBF2B5AB132000E90E1 /* SpinnerDisplayable.swift in Sources */ = {isa = PBXBuildFile; fileRef = CF3FAEBE2B5AB132000E90E1 /* SpinnerDisplayable.swift */; };
		CF3FAEC12B5AB151000E90E1 /* MessageDisplayable.swift in Sources */ = {isa = PBXBuildFile; fileRef = CF3FAEC02B5AB151000E90E1 /* MessageDisplayable.swift */; };
		CF3FAEC42B5AB245000E90E1 /* String+.swift in Sources */ = {isa = PBXBuildFile; fileRef = CF3FAEC32B5AB245000E90E1 /* String+.swift */; };
		CF3FAEC62B5AB28C000E90E1 /* ApiClientServiceImpl.swift in Sources */ = {isa = PBXBuildFile; fileRef = CF3FAEC52B5AB28C000E90E1 /* ApiClientServiceImpl.swift */; };
		CF7B38B02B5B806200EFE6BD /* AppDIContainer.swift in Sources */ = {isa = PBXBuildFile; fileRef = CF7B38AF2B5B806200EFE6BD /* AppDIContainer.swift */; };
		CF7B38B22B5B824E00EFE6BD /* ArticleDetailViewController.swift in Sources */ = {isa = PBXBuildFile; fileRef = CF7B38B12B5B824E00EFE6BD /* ArticleDetailViewController.swift */; };
		CF7B38B42B5B82C500EFE6BD /* ArticleDetailCoordinator.swift in Sources */ = {isa = PBXBuildFile; fileRef = CF7B38B32B5B82C500EFE6BD /* ArticleDetailCoordinator.swift */; };
		CF7B38B62B5B84FA00EFE6BD /* ArticleDetailViewModel.swift in Sources */ = {isa = PBXBuildFile; fileRef = CF7B38B52B5B84FA00EFE6BD /* ArticleDetailViewModel.swift */; };
		CF7B38BB2B5B8D8B00EFE6BD /* CategoryViewModel.swift in Sources */ = {isa = PBXBuildFile; fileRef = CF7B38BA2B5B8D8B00EFE6BD /* CategoryViewModel.swift */; };
		CF7B38BD2B5B925200EFE6BD /* CategoryViewController.swift in Sources */ = {isa = PBXBuildFile; fileRef = CF7B38BC2B5B925200EFE6BD /* CategoryViewController.swift */; };
		CF7B38BF2B5B92A400EFE6BD /* CategoryCoordinator.swift in Sources */ = {isa = PBXBuildFile; fileRef = CF7B38BE2B5B92A400EFE6BD /* CategoryCoordinator.swift */; };
		CF7B38C22B5B973700EFE6BD /* ViewValue.swift in Sources */ = {isa = PBXBuildFile; fileRef = CF7B38C12B5B973700EFE6BD /* ViewValue.swift */; };
		CF7B38C42B5B97C800EFE6BD /* ItemCategoryViewModel.swift in Sources */ = {isa = PBXBuildFile; fileRef = CF7B38C32B5B97C800EFE6BD /* ItemCategoryViewModel.swift */; };
		CF7B38C62B5B98B200EFE6BD /* ItemCategoryCollectionViewCell.swift in Sources */ = {isa = PBXBuildFile; fileRef = CF7B38C52B5B98B200EFE6BD /* ItemCategoryCollectionViewCell.swift */; };
/* End PBXBuildFile section */

/* Begin PBXContainerItemProxy section */
		CF3FAE3A2B5A6987000E90E1 /* PBXContainerItemProxy */ = {
			isa = PBXContainerItemProxy;
			containerPortal = CF3FAE1B2B5A6985000E90E1 /* Project object */;
			proxyType = 1;
			remoteGlobalIDString = CF3FAE222B5A6985000E90E1;
			remoteInfo = NewsApp;
		};
		CF3FAE442B5A6987000E90E1 /* PBXContainerItemProxy */ = {
			isa = PBXContainerItemProxy;
			containerPortal = CF3FAE1B2B5A6985000E90E1 /* Project object */;
			proxyType = 1;
			remoteGlobalIDString = CF3FAE222B5A6985000E90E1;
			remoteInfo = NewsApp;
		};
/* End PBXContainerItemProxy section */

/* Begin PBXFileReference section */
		CF3FAE232B5A6985000E90E1 /* NewsApp.app */ = {isa = PBXFileReference; explicitFileType = wrapper.application; includeInIndex = 0; path = NewsApp.app; sourceTree = BUILT_PRODUCTS_DIR; };
		CF3FAE262B5A6985000E90E1 /* AppDelegate.swift */ = {isa = PBXFileReference; lastKnownFileType = sourcecode.swift; path = AppDelegate.swift; sourceTree = "<group>"; };
		CF3FAE282B5A6985000E90E1 /* SceneDelegate.swift */ = {isa = PBXFileReference; lastKnownFileType = sourcecode.swift; path = SceneDelegate.swift; sourceTree = "<group>"; };
		CF3FAE2F2B5A6986000E90E1 /* Assets.xcassets */ = {isa = PBXFileReference; lastKnownFileType = folder.assetcatalog; path = Assets.xcassets; sourceTree = "<group>"; };
		CF3FAE322B5A6986000E90E1 /* Base */ = {isa = PBXFileReference; lastKnownFileType = file.storyboard; name = Base; path = Base.lproj/LaunchScreen.storyboard; sourceTree = "<group>"; };
		CF3FAE342B5A6986000E90E1 /* Info.plist */ = {isa = PBXFileReference; lastKnownFileType = text.plist.xml; path = Info.plist; sourceTree = "<group>"; };
		CF3FAE392B5A6987000E90E1 /* NewsAppTests.xctest */ = {isa = PBXFileReference; explicitFileType = wrapper.cfbundle; includeInIndex = 0; path = NewsAppTests.xctest; sourceTree = BUILT_PRODUCTS_DIR; };
		CF3FAE3D2B5A6987000E90E1 /* NewsAppTests.swift */ = {isa = PBXFileReference; lastKnownFileType = sourcecode.swift; path = NewsAppTests.swift; sourceTree = "<group>"; };
		CF3FAE432B5A6987000E90E1 /* NewsAppUITests.xctest */ = {isa = PBXFileReference; explicitFileType = wrapper.cfbundle; includeInIndex = 0; path = NewsAppUITests.xctest; sourceTree = BUILT_PRODUCTS_DIR; };
		CF3FAE472B5A6987000E90E1 /* NewsAppUITests.swift */ = {isa = PBXFileReference; lastKnownFileType = sourcecode.swift; path = NewsAppUITests.swift; sourceTree = "<group>"; };
		CF3FAE492B5A6987000E90E1 /* NewsAppUITestsLaunchTests.swift */ = {isa = PBXFileReference; lastKnownFileType = sourcecode.swift; path = NewsAppUITestsLaunchTests.swift; sourceTree = "<group>"; };
		CF3FAE6C2B5A6E40000E90E1 /* Coordinator.swift */ = {isa = PBXFileReference; lastKnownFileType = sourcecode.swift; path = Coordinator.swift; sourceTree = "<group>"; };
		CF3FAE722B5A6EBC000E90E1 /* HeadLineCoordinator.swift */ = {isa = PBXFileReference; lastKnownFileType = sourcecode.swift; path = HeadLineCoordinator.swift; sourceTree = "<group>"; };
		CF3FAE742B5A6F0A000E90E1 /* HeadLineViewController.swift */ = {isa = PBXFileReference; lastKnownFileType = sourcecode.swift; path = HeadLineViewController.swift; sourceTree = "<group>"; };
		CF3FAE762B5A731B000E90E1 /* SearchResultViewController.swift */ = {isa = PBXFileReference; lastKnownFileType = sourcecode.swift; path = SearchResultViewController.swift; sourceTree = "<group>"; };
		CF3FAE782B5A75B2000E90E1 /* ItemHeadLineTableViewCell.swift */ = {isa = PBXFileReference; lastKnownFileType = sourcecode.swift; path = ItemHeadLineTableViewCell.swift; sourceTree = "<group>"; };
		CF3FAE7A2B5A7623000E90E1 /* Article.swift */ = {isa = PBXFileReference; lastKnownFileType = sourcecode.swift; path = Article.swift; sourceTree = "<group>"; };
		CF3FAE7C2B5A7739000E90E1 /* ResultArticleDTO.swift */ = {isa = PBXFileReference; lastKnownFileType = sourcecode.swift; path = ResultArticleDTO.swift; sourceTree = "<group>"; };
		CF3FAE7E2B5A7844000E90E1 /* ArticleDTO.swift */ = {isa = PBXFileReference; lastKnownFileType = sourcecode.swift; path = ArticleDTO.swift; sourceTree = "<group>"; };
		CF3FAE802B5A784E000E90E1 /* SourceDTO.swift */ = {isa = PBXFileReference; lastKnownFileType = sourcecode.swift; path = SourceDTO.swift; sourceTree = "<group>"; };
		CF3FAE822B5A78B3000E90E1 /* ResultArticleDTO+Mapper.swift */ = {isa = PBXFileReference; lastKnownFileType = sourcecode.swift; path = "ResultArticleDTO+Mapper.swift"; sourceTree = "<group>"; };
		CF3FAE842B5A78F0000E90E1 /* ArticleRepository.swift */ = {isa = PBXFileReference; lastKnownFileType = sourcecode.swift; path = ArticleRepository.swift; sourceTree = "<group>"; };
		CF3FAE862B5A7903000E90E1 /* ApiClientService.swift */ = {isa = PBXFileReference; lastKnownFileType = sourcecode.swift; path = ApiClientService.swift; sourceTree = "<group>"; };
		CF3FAE892B5A7C08000E90E1 /* ApiError.swift */ = {isa = PBXFileReference; lastKnownFileType = sourcecode.swift; path = ApiError.swift; sourceTree = "<group>"; };
		CF3FAE8B2B5A8E54000E90E1 /* HttpResponseStatus.swift */ = {isa = PBXFileReference; lastKnownFileType = sourcecode.swift; path = HttpResponseStatus.swift; sourceTree = "<group>"; };
		CF3FAE8D2B5A900E000E90E1 /* ArticleQuery.swift */ = {isa = PBXFileReference; lastKnownFileType = sourcecode.swift; path = ArticleQuery.swift; sourceTree = "<group>"; };
		CF3FAE8F2B5A9053000E90E1 /* HeadLineQuery.swift */ = {isa = PBXFileReference; lastKnownFileType = sourcecode.swift; path = HeadLineQuery.swift; sourceTree = "<group>"; };
		CF3FAE922B5A908A000E90E1 /* QueryParams.swift */ = {isa = PBXFileReference; lastKnownFileType = sourcecode.swift; path = QueryParams.swift; sourceTree = "<group>"; };
		CF3FAE942B5A909D000E90E1 /* SearchIn.swift */ = {isa = PBXFileReference; lastKnownFileType = sourcecode.swift; path = SearchIn.swift; sourceTree = "<group>"; };
		CF3FAE962B5A90A6000E90E1 /* ArticleSortType.swift */ = {isa = PBXFileReference; lastKnownFileType = sourcecode.swift; path = ArticleSortType.swift; sourceTree = "<group>"; };
		CF3FAE982B5A90C0000E90E1 /* HeadLineCategory.swift */ = {isa = PBXFileReference; lastKnownFileType = sourcecode.swift; path = HeadLineCategory.swift; sourceTree = "<group>"; };
		CF3FAE9A2B5A90CF000E90E1 /* HeadLineCountry.swift */ = {isa = PBXFileReference; lastKnownFileType = sourcecode.swift; path = HeadLineCountry.swift; sourceTree = "<group>"; };
		CF3FAE9C2B5A91B3000E90E1 /* ArticleRepositoryImpl.swift */ = {isa = PBXFileReference; lastKnownFileType = sourcecode.swift; path = ArticleRepositoryImpl.swift; sourceTree = "<group>"; };
		CF3FAE9E2B5A921F000E90E1 /* LoadHeadLineArticlesUseCase.swift */ = {isa = PBXFileReference; lastKnownFileType = sourcecode.swift; path = LoadHeadLineArticlesUseCase.swift; sourceTree = "<group>"; };
		CF3FAEA02B5A9310000E90E1 /* HeadLineViewModel.swift */ = {isa = PBXFileReference; lastKnownFileType = sourcecode.swift; path = HeadLineViewModel.swift; sourceTree = "<group>"; };
		CF3FAEA22B5A9423000E90E1 /* ViewState.swift */ = {isa = PBXFileReference; lastKnownFileType = sourcecode.swift; path = ViewState.swift; sourceTree = "<group>"; };
		CF3FAEA92B5A946D000E90E1 /* BaseViewModel.swift */ = {isa = PBXFileReference; lastKnownFileType = sourcecode.swift; path = BaseViewModel.swift; sourceTree = "<group>"; };
		CF3FAEAD2B5A974A000E90E1 /* EndPoint.swift */ = {isa = PBXFileReference; lastKnownFileType = sourcecode.swift; path = EndPoint.swift; sourceTree = "<group>"; };
		CF3FAEB42B5AA6A8000E90E1 /* ItemHeadLineViewModel.swift */ = {isa = PBXFileReference; lastKnownFileType = sourcecode.swift; path = ItemHeadLineViewModel.swift; sourceTree = "<group>"; };
		CF3FAEBB2B5AA844000E90E1 /* Reusable.swift */ = {isa = PBXFileReference; lastKnownFileType = sourcecode.swift; path = Reusable.swift; sourceTree = "<group>"; };
		CF3FAEBE2B5AB132000E90E1 /* SpinnerDisplayable.swift */ = {isa = PBXFileReference; lastKnownFileType = sourcecode.swift; path = SpinnerDisplayable.swift; sourceTree = "<group>"; };
		CF3FAEC02B5AB151000E90E1 /* MessageDisplayable.swift */ = {isa = PBXFileReference; lastKnownFileType = sourcecode.swift; path = MessageDisplayable.swift; sourceTree = "<group>"; };
		CF3FAEC32B5AB245000E90E1 /* String+.swift */ = {isa = PBXFileReference; lastKnownFileType = sourcecode.swift; path = "String+.swift"; sourceTree = "<group>"; };
		CF3FAEC52B5AB28C000E90E1 /* ApiClientServiceImpl.swift */ = {isa = PBXFileReference; lastKnownFileType = sourcecode.swift; path = ApiClientServiceImpl.swift; sourceTree = "<group>"; };
		CF7B38AF2B5B806200EFE6BD /* AppDIContainer.swift */ = {isa = PBXFileReference; lastKnownFileType = sourcecode.swift; path = AppDIContainer.swift; sourceTree = "<group>"; };
		CF7B38B12B5B824E00EFE6BD /* ArticleDetailViewController.swift */ = {isa = PBXFileReference; lastKnownFileType = sourcecode.swift; path = ArticleDetailViewController.swift; sourceTree = "<group>"; };
		CF7B38B32B5B82C500EFE6BD /* ArticleDetailCoordinator.swift */ = {isa = PBXFileReference; lastKnownFileType = sourcecode.swift; path = ArticleDetailCoordinator.swift; sourceTree = "<group>"; };
		CF7B38B52B5B84FA00EFE6BD /* ArticleDetailViewModel.swift */ = {isa = PBXFileReference; lastKnownFileType = sourcecode.swift; path = ArticleDetailViewModel.swift; sourceTree = "<group>"; };
		CF7B38BA2B5B8D8B00EFE6BD /* CategoryViewModel.swift */ = {isa = PBXFileReference; lastKnownFileType = sourcecode.swift; path = CategoryViewModel.swift; sourceTree = "<group>"; };
		CF7B38BC2B5B925200EFE6BD /* CategoryViewController.swift */ = {isa = PBXFileReference; lastKnownFileType = sourcecode.swift; path = CategoryViewController.swift; sourceTree = "<group>"; };
		CF7B38BE2B5B92A400EFE6BD /* CategoryCoordinator.swift */ = {isa = PBXFileReference; lastKnownFileType = sourcecode.swift; path = CategoryCoordinator.swift; sourceTree = "<group>"; };
		CF7B38C12B5B973700EFE6BD /* ViewValue.swift */ = {isa = PBXFileReference; lastKnownFileType = sourcecode.swift; path = ViewValue.swift; sourceTree = "<group>"; };
		CF7B38C32B5B97C800EFE6BD /* ItemCategoryViewModel.swift */ = {isa = PBXFileReference; lastKnownFileType = sourcecode.swift; path = ItemCategoryViewModel.swift; sourceTree = "<group>"; };
		CF7B38C52B5B98B200EFE6BD /* ItemCategoryCollectionViewCell.swift */ = {isa = PBXFileReference; lastKnownFileType = sourcecode.swift; path = ItemCategoryCollectionViewCell.swift; sourceTree = "<group>"; };
/* End PBXFileReference section */

/* Begin PBXFrameworksBuildPhase section */
		CF3FAE202B5A6985000E90E1 /* Frameworks */ = {
			isa = PBXFrameworksBuildPhase;
			buildActionMask = 2147483647;
			files = (
				CF3FAEB82B5AA710000E90E1 /* SDWebImage in Frameworks */,
				CF3FAEB12B5AA5CB000E90E1 /* SnapKit in Frameworks */,
				CF3FAEBA2B5AA710000E90E1 /* SDWebImageMapKit in Frameworks */,
				CF3FAEB32B5AA5CB000E90E1 /* SnapKit-Dynamic in Frameworks */,
			);
			runOnlyForDeploymentPostprocessing = 0;
		};
		CF3FAE362B5A6987000E90E1 /* Frameworks */ = {
			isa = PBXFrameworksBuildPhase;
			buildActionMask = 2147483647;
			files = (
			);
			runOnlyForDeploymentPostprocessing = 0;
		};
		CF3FAE402B5A6987000E90E1 /* Frameworks */ = {
			isa = PBXFrameworksBuildPhase;
			buildActionMask = 2147483647;
			files = (
			);
			runOnlyForDeploymentPostprocessing = 0;
		};
/* End PBXFrameworksBuildPhase section */

/* Begin PBXGroup section */
		CF3FAE1A2B5A6985000E90E1 = {
			isa = PBXGroup;
			children = (
				CF3FAE252B5A6985000E90E1 /* NewsApp */,
				CF3FAE3C2B5A6987000E90E1 /* NewsAppTests */,
				CF3FAE462B5A6987000E90E1 /* NewsAppUITests */,
				CF3FAE242B5A6985000E90E1 /* Products */,
			);
			sourceTree = "<group>";
		};
		CF3FAE242B5A6985000E90E1 /* Products */ = {
			isa = PBXGroup;
			children = (
				CF3FAE232B5A6985000E90E1 /* NewsApp.app */,
				CF3FAE392B5A6987000E90E1 /* NewsAppTests.xctest */,
				CF3FAE432B5A6987000E90E1 /* NewsAppUITests.xctest */,
			);
			name = Products;
			sourceTree = "<group>";
		};
		CF3FAE252B5A6985000E90E1 /* NewsApp */ = {
			isa = PBXGroup;
			children = (
				CF3FAE562B5A69D7000E90E1 /* Application */,
				CF3FAE592B5A6CAF000E90E1 /* Presentation */,
				CF3FAE5A2B5A6CB3000E90E1 /* Domain */,
				CF3FAE582B5A6CA3000E90E1 /* Data */,
				CF3FAE5D2B5A6D22000E90E1 /* Network */,
				CF3FAE5B2B5A6CDE000E90E1 /* Common */,
				CF3FAE5C2B5A6CE1000E90E1 /* Resources */,
				CF3FAE342B5A6986000E90E1 /* Info.plist */,
			);
			path = NewsApp;
			sourceTree = "<group>";
		};
		CF3FAE3C2B5A6987000E90E1 /* NewsAppTests */ = {
			isa = PBXGroup;
			children = (
				CF3FAE3D2B5A6987000E90E1 /* NewsAppTests.swift */,
			);
			path = NewsAppTests;
			sourceTree = "<group>";
		};
		CF3FAE462B5A6987000E90E1 /* NewsAppUITests */ = {
			isa = PBXGroup;
			children = (
				CF3FAE472B5A6987000E90E1 /* NewsAppUITests.swift */,
				CF3FAE492B5A6987000E90E1 /* NewsAppUITestsLaunchTests.swift */,
			);
			path = NewsAppUITests;
			sourceTree = "<group>";
		};
		CF3FAE562B5A69D7000E90E1 /* Application */ = {
			isa = PBXGroup;
			children = (
				CF3FAE262B5A6985000E90E1 /* AppDelegate.swift */,
				CF3FAE282B5A6985000E90E1 /* SceneDelegate.swift */,
				CF3FAE572B5A6B26000E90E1 /* DIContainer */,
			);
			path = Application;
			sourceTree = "<group>";
		};
		CF3FAE572B5A6B26000E90E1 /* DIContainer */ = {
			isa = PBXGroup;
			children = (
				CF7B38AF2B5B806200EFE6BD /* AppDIContainer.swift */,
			);
			path = DIContainer;
			sourceTree = "<group>";
		};
		CF3FAE582B5A6CA3000E90E1 /* Data */ = {
			isa = PBXGroup;
			children = (
				CF3FAE6B2B5A6DDC000E90E1 /* DTO */,
				CF3FAE6A2B5A6DD5000E90E1 /* Repository */,
			);
			path = Data;
			sourceTree = "<group>";
		};
		CF3FAE592B5A6CAF000E90E1 /* Presentation */ = {
			isa = PBXGroup;
			children = (
				CF3FAE6F2B5A6E93000E90E1 /* Flow */,
				CF3FAE5E2B5A6D2D000E90E1 /* Scene */,
			);
			path = Presentation;
			sourceTree = "<group>";
		};
		CF3FAE5A2B5A6CB3000E90E1 /* Domain */ = {
			isa = PBXGroup;
			children = (
				CF3FAE672B5A6DC5000E90E1 /* Entity */,
				CF3FAE692B5A6DCB000E90E1 /* Interface */,
				CF3FAE682B5A6DC9000E90E1 /* UseCase */,
			);
			path = Domain;
			sourceTree = "<group>";
		};
		CF3FAE5B2B5A6CDE000E90E1 /* Common */ = {
			isa = PBXGroup;
			children = (
				CF7B38C02B5B972D00EFE6BD /* Constant */,
				CF3FAEC22B5AB23C000E90E1 /* Extension */,
				CF3FAEBD2B5AB11D000E90E1 /* Components */,
				CF3FAEA52B5A9443000E90E1 /* Layer */,
				CF3FAEA42B5A9430000E90E1 /* Utils */,
			);
			path = Common;
			sourceTree = "<group>";
		};
		CF3FAE5C2B5A6CE1000E90E1 /* Resources */ = {
			isa = PBXGroup;
			children = (
				CF3FAE2F2B5A6986000E90E1 /* Assets.xcassets */,
				CF3FAE312B5A6986000E90E1 /* LaunchScreen.storyboard */,
			);
			path = Resources;
			sourceTree = "<group>";
		};
		CF3FAE5D2B5A6D22000E90E1 /* Network */ = {
			isa = PBXGroup;
			children = (
				CF3FAE882B5A7BF7000E90E1 /* Error */,
				CF3FAEAB2B5A962D000E90E1 /* ApiService */,
				CF3FAEAC2B5A9637000E90E1 /* HttpResponse */,
				CF3FAEAD2B5A974A000E90E1 /* EndPoint.swift */,
			);
			path = Network;
			sourceTree = "<group>";
		};
		CF3FAE5E2B5A6D2D000E90E1 /* Scene */ = {
			isa = PBXGroup;
			children = (
				CF7B38B72B5B8D7100EFE6BD /* Category */,
				CF3FAE602B5A6D60000E90E1 /* HeadLine */,
				CF3FAE622B5A6D76000E90E1 /* SearchResult */,
				CF3FAE6E2B5A6E6B000E90E1 /* Detail */,
			);
			path = Scene;
			sourceTree = "<group>";
		};
		CF3FAE602B5A6D60000E90E1 /* HeadLine */ = {
			isa = PBXGroup;
			children = (
				CF3FAE662B5A6DA4000E90E1 /* ViewModel */,
				CF3FAE652B5A6DA2000E90E1 /* View */,
			);
			path = HeadLine;
			sourceTree = "<group>";
		};
		CF3FAE622B5A6D76000E90E1 /* SearchResult */ = {
			isa = PBXGroup;
			children = (
				CF3FAE642B5A6D9F000E90E1 /* ViewModel */,
				CF3FAE632B5A6D9B000E90E1 /* View */,
			);
			path = SearchResult;
			sourceTree = "<group>";
		};
		CF3FAE632B5A6D9B000E90E1 /* View */ = {
			isa = PBXGroup;
			children = (
				CF3FAE762B5A731B000E90E1 /* SearchResultViewController.swift */,
			);
			path = View;
			sourceTree = "<group>";
		};
		CF3FAE642B5A6D9F000E90E1 /* ViewModel */ = {
			isa = PBXGroup;
			children = (
			);
			path = ViewModel;
			sourceTree = "<group>";
		};
		CF3FAE652B5A6DA2000E90E1 /* View */ = {
			isa = PBXGroup;
			children = (
				CF3FAE742B5A6F0A000E90E1 /* HeadLineViewController.swift */,
				CF3FAE782B5A75B2000E90E1 /* ItemHeadLineTableViewCell.swift */,
			);
			path = View;
			sourceTree = "<group>";
		};
		CF3FAE662B5A6DA4000E90E1 /* ViewModel */ = {
			isa = PBXGroup;
			children = (
				CF3FAEA02B5A9310000E90E1 /* HeadLineViewModel.swift */,
				CF3FAEB42B5AA6A8000E90E1 /* ItemHeadLineViewModel.swift */,
			);
			path = ViewModel;
			sourceTree = "<group>";
		};
		CF3FAE672B5A6DC5000E90E1 /* Entity */ = {
			isa = PBXGroup;
			children = (
				CF3FAE7A2B5A7623000E90E1 /* Article.swift */,
				CF3FAE912B5A907D000E90E1 /* Query */,
			);
			path = Entity;
			sourceTree = "<group>";
		};
		CF3FAE682B5A6DC9000E90E1 /* UseCase */ = {
			isa = PBXGroup;
			children = (
				CF3FAE9E2B5A921F000E90E1 /* LoadHeadLineArticlesUseCase.swift */,
			);
			path = UseCase;
			sourceTree = "<group>";
		};
		CF3FAE692B5A6DCB000E90E1 /* Interface */ = {
			isa = PBXGroup;
			children = (
				CF3FAE842B5A78F0000E90E1 /* ArticleRepository.swift */,
			);
			path = Interface;
			sourceTree = "<group>";
		};
		CF3FAE6A2B5A6DD5000E90E1 /* Repository */ = {
			isa = PBXGroup;
			children = (
				CF3FAE9C2B5A91B3000E90E1 /* ArticleRepositoryImpl.swift */,
			);
			path = Repository;
			sourceTree = "<group>";
		};
		CF3FAE6B2B5A6DDC000E90E1 /* DTO */ = {
			isa = PBXGroup;
			children = (
				CF3FAE7E2B5A7844000E90E1 /* ArticleDTO.swift */,
				CF3FAE802B5A784E000E90E1 /* SourceDTO.swift */,
				CF3FAE7C2B5A7739000E90E1 /* ResultArticleDTO.swift */,
				CF3FAE822B5A78B3000E90E1 /* ResultArticleDTO+Mapper.swift */,
			);
			path = DTO;
			sourceTree = "<group>";
		};
		CF3FAE6E2B5A6E6B000E90E1 /* Detail */ = {
			isa = PBXGroup;
			children = (
				CF3FAE712B5A6EA4000E90E1 /* View */,
				CF3FAE702B5A6EA1000E90E1 /* ViewModel */,
			);
			path = Detail;
			sourceTree = "<group>";
		};
		CF3FAE6F2B5A6E93000E90E1 /* Flow */ = {
			isa = PBXGroup;
			children = (
				CF3FAE6C2B5A6E40000E90E1 /* Coordinator.swift */,
				CF7B38BE2B5B92A400EFE6BD /* CategoryCoordinator.swift */,
				CF3FAE722B5A6EBC000E90E1 /* HeadLineCoordinator.swift */,
				CF7B38B32B5B82C500EFE6BD /* ArticleDetailCoordinator.swift */,
			);
			path = Flow;
			sourceTree = "<group>";
		};
		CF3FAE702B5A6EA1000E90E1 /* ViewModel */ = {
			isa = PBXGroup;
			children = (
				CF7B38B52B5B84FA00EFE6BD /* ArticleDetailViewModel.swift */,
			);
			path = ViewModel;
			sourceTree = "<group>";
		};
		CF3FAE712B5A6EA4000E90E1 /* View */ = {
			isa = PBXGroup;
			children = (
				CF7B38B12B5B824E00EFE6BD /* ArticleDetailViewController.swift */,
			);
			path = View;
			sourceTree = "<group>";
		};
		CF3FAE882B5A7BF7000E90E1 /* Error */ = {
			isa = PBXGroup;
			children = (
				CF3FAE892B5A7C08000E90E1 /* ApiError.swift */,
			);
			path = Error;
			sourceTree = "<group>";
		};
		CF3FAE912B5A907D000E90E1 /* Query */ = {
			isa = PBXGroup;
			children = (
				CF3FAE922B5A908A000E90E1 /* QueryParams.swift */,
				CF3FAE8D2B5A900E000E90E1 /* ArticleQuery.swift */,
				CF3FAE8F2B5A9053000E90E1 /* HeadLineQuery.swift */,
				CF3FAE962B5A90A6000E90E1 /* ArticleSortType.swift */,
				CF3FAE982B5A90C0000E90E1 /* HeadLineCategory.swift */,
				CF3FAE9A2B5A90CF000E90E1 /* HeadLineCountry.swift */,
				CF3FAE942B5A909D000E90E1 /* SearchIn.swift */,
			);
			path = Query;
			sourceTree = "<group>";
		};
		CF3FAEA42B5A9430000E90E1 /* Utils */ = {
			isa = PBXGroup;
			children = (
				CF3FAEBB2B5AA844000E90E1 /* Reusable.swift */,
			);
			path = Utils;
			sourceTree = "<group>";
		};
		CF3FAEA52B5A9443000E90E1 /* Layer */ = {
			isa = PBXGroup;
			children = (
				CF3FAEA62B5A9444000E90E1 /* Presentation */,
			);
			path = Layer;
			sourceTree = "<group>";
		};
		CF3FAEA62B5A9444000E90E1 /* Presentation */ = {
			isa = PBXGroup;
			children = (
				CF3FAEA82B5A9450000E90E1 /* ViewState */,
				CF3FAEA72B5A944E000E90E1 /* ViewModel */,
			);
			path = Presentation;
			sourceTree = "<group>";
		};
		CF3FAEA72B5A944E000E90E1 /* ViewModel */ = {
			isa = PBXGroup;
			children = (
				CF3FAEA92B5A946D000E90E1 /* BaseViewModel.swift */,
			);
			path = ViewModel;
			sourceTree = "<group>";
		};
		CF3FAEA82B5A9450000E90E1 /* ViewState */ = {
			isa = PBXGroup;
			children = (
				CF3FAEA22B5A9423000E90E1 /* ViewState.swift */,
			);
			path = ViewState;
			sourceTree = "<group>";
		};
		CF3FAEAB2B5A962D000E90E1 /* ApiService */ = {
			isa = PBXGroup;
			children = (
				CF3FAE862B5A7903000E90E1 /* ApiClientService.swift */,
				CF3FAEC52B5AB28C000E90E1 /* ApiClientServiceImpl.swift */,
			);
			path = ApiService;
			sourceTree = "<group>";
		};
		CF3FAEAC2B5A9637000E90E1 /* HttpResponse */ = {
			isa = PBXGroup;
			children = (
				CF3FAE8B2B5A8E54000E90E1 /* HttpResponseStatus.swift */,
			);
			path = HttpResponse;
			sourceTree = "<group>";
		};
		CF3FAEBD2B5AB11D000E90E1 /* Components */ = {
			isa = PBXGroup;
			children = (
				CF3FAEBE2B5AB132000E90E1 /* SpinnerDisplayable.swift */,
				CF3FAEC02B5AB151000E90E1 /* MessageDisplayable.swift */,
			);
			path = Components;
			sourceTree = "<group>";
		};
		CF3FAEC22B5AB23C000E90E1 /* Extension */ = {
			isa = PBXGroup;
			children = (
				CF3FAEC32B5AB245000E90E1 /* String+.swift */,
			);
			path = Extension;
			sourceTree = "<group>";
		};
		CF7B38B72B5B8D7100EFE6BD /* Category */ = {
			isa = PBXGroup;
			children = (
				CF7B38B82B5B8D7800EFE6BD /* View */,
				CF7B38B92B5B8D7C00EFE6BD /* ViewModel */,
			);
			path = Category;
			sourceTree = "<group>";
		};
		CF7B38B82B5B8D7800EFE6BD /* View */ = {
			isa = PBXGroup;
			children = (
				CF7B38BC2B5B925200EFE6BD /* CategoryViewController.swift */,
				CF7B38C52B5B98B200EFE6BD /* ItemCategoryCollectionViewCell.swift */,
			);
			path = View;
			sourceTree = "<group>";
		};
		CF7B38B92B5B8D7C00EFE6BD /* ViewModel */ = {
			isa = PBXGroup;
			children = (
				CF7B38BA2B5B8D8B00EFE6BD /* CategoryViewModel.swift */,
				CF7B38C32B5B97C800EFE6BD /* ItemCategoryViewModel.swift */,
			);
			path = ViewModel;
			sourceTree = "<group>";
		};
		CF7B38C02B5B972D00EFE6BD /* Constant */ = {
			isa = PBXGroup;
			children = (
				CF7B38C12B5B973700EFE6BD /* ViewValue.swift */,
			);
			path = Constant;
			sourceTree = "<group>";
		};
/* End PBXGroup section */

/* Begin PBXNativeTarget section */
		CF3FAE222B5A6985000E90E1 /* NewsApp */ = {
			isa = PBXNativeTarget;
			buildConfigurationList = CF3FAE4D2B5A6987000E90E1 /* Build configuration list for PBXNativeTarget "NewsApp" */;
			buildPhases = (
				CF3FAE1F2B5A6985000E90E1 /* Sources */,
				CF3FAE202B5A6985000E90E1 /* Frameworks */,
				CF3FAE212B5A6985000E90E1 /* Resources */,
			);
			buildRules = (
			);
			dependencies = (
			);
			name = NewsApp;
			packageProductDependencies = (
				CF3FAEB02B5AA5CB000E90E1 /* SnapKit */,
				CF3FAEB22B5AA5CB000E90E1 /* SnapKit-Dynamic */,
				CF3FAEB72B5AA710000E90E1 /* SDWebImage */,
				CF3FAEB92B5AA710000E90E1 /* SDWebImageMapKit */,
			);
			productName = NewsApp;
			productReference = CF3FAE232B5A6985000E90E1 /* NewsApp.app */;
			productType = "com.apple.product-type.application";
		};
		CF3FAE382B5A6987000E90E1 /* NewsAppTests */ = {
			isa = PBXNativeTarget;
			buildConfigurationList = CF3FAE502B5A6987000E90E1 /* Build configuration list for PBXNativeTarget "NewsAppTests" */;
			buildPhases = (
				CF3FAE352B5A6987000E90E1 /* Sources */,
				CF3FAE362B5A6987000E90E1 /* Frameworks */,
				CF3FAE372B5A6987000E90E1 /* Resources */,
			);
			buildRules = (
			);
			dependencies = (
				CF3FAE3B2B5A6987000E90E1 /* PBXTargetDependency */,
			);
			name = NewsAppTests;
			productName = NewsAppTests;
			productReference = CF3FAE392B5A6987000E90E1 /* NewsAppTests.xctest */;
			productType = "com.apple.product-type.bundle.unit-test";
		};
		CF3FAE422B5A6987000E90E1 /* NewsAppUITests */ = {
			isa = PBXNativeTarget;
			buildConfigurationList = CF3FAE532B5A6987000E90E1 /* Build configuration list for PBXNativeTarget "NewsAppUITests" */;
			buildPhases = (
				CF3FAE3F2B5A6987000E90E1 /* Sources */,
				CF3FAE402B5A6987000E90E1 /* Frameworks */,
				CF3FAE412B5A6987000E90E1 /* Resources */,
			);
			buildRules = (
			);
			dependencies = (
				CF3FAE452B5A6987000E90E1 /* PBXTargetDependency */,
			);
			name = NewsAppUITests;
			productName = NewsAppUITests;
			productReference = CF3FAE432B5A6987000E90E1 /* NewsAppUITests.xctest */;
			productType = "com.apple.product-type.bundle.ui-testing";
		};
/* End PBXNativeTarget section */

/* Begin PBXProject section */
		CF3FAE1B2B5A6985000E90E1 /* Project object */ = {
			isa = PBXProject;
			attributes = {
				BuildIndependentTargetsInParallel = 1;
				LastSwiftUpdateCheck = 1500;
				LastUpgradeCheck = 1500;
				TargetAttributes = {
					CF3FAE222B5A6985000E90E1 = {
						CreatedOnToolsVersion = 15.0.1;
					};
					CF3FAE382B5A6987000E90E1 = {
						CreatedOnToolsVersion = 15.0.1;
						TestTargetID = CF3FAE222B5A6985000E90E1;
					};
					CF3FAE422B5A6987000E90E1 = {
						CreatedOnToolsVersion = 15.0.1;
						TestTargetID = CF3FAE222B5A6985000E90E1;
					};
				};
			};
			buildConfigurationList = CF3FAE1E2B5A6985000E90E1 /* Build configuration list for PBXProject "NewsApp" */;
			compatibilityVersion = "Xcode 14.0";
			developmentRegion = en;
			hasScannedForEncodings = 0;
			knownRegions = (
				en,
				Base,
			);
			mainGroup = CF3FAE1A2B5A6985000E90E1;
			packageReferences = (
				CF3FAEAF2B5AA5CB000E90E1 /* XCRemoteSwiftPackageReference "SnapKit" */,
				CF3FAEB62B5AA710000E90E1 /* XCRemoteSwiftPackageReference "SDWebImage" */,
			);
			productRefGroup = CF3FAE242B5A6985000E90E1 /* Products */;
			projectDirPath = "";
			projectRoot = "";
			targets = (
				CF3FAE222B5A6985000E90E1 /* NewsApp */,
				CF3FAE382B5A6987000E90E1 /* NewsAppTests */,
				CF3FAE422B5A6987000E90E1 /* NewsAppUITests */,
			);
		};
/* End PBXProject section */

/* Begin PBXResourcesBuildPhase section */
		CF3FAE212B5A6985000E90E1 /* Resources */ = {
			isa = PBXResourcesBuildPhase;
			buildActionMask = 2147483647;
			files = (
				CF3FAE332B5A6986000E90E1 /* LaunchScreen.storyboard in Resources */,
				CF3FAE302B5A6986000E90E1 /* Assets.xcassets in Resources */,
			);
			runOnlyForDeploymentPostprocessing = 0;
		};
		CF3FAE372B5A6987000E90E1 /* Resources */ = {
			isa = PBXResourcesBuildPhase;
			buildActionMask = 2147483647;
			files = (
			);
			runOnlyForDeploymentPostprocessing = 0;
		};
		CF3FAE412B5A6987000E90E1 /* Resources */ = {
			isa = PBXResourcesBuildPhase;
			buildActionMask = 2147483647;
			files = (
			);
			runOnlyForDeploymentPostprocessing = 0;
		};
/* End PBXResourcesBuildPhase section */

/* Begin PBXSourcesBuildPhase section */
		CF3FAE1F2B5A6985000E90E1 /* Sources */ = {
			isa = PBXSourcesBuildPhase;
			buildActionMask = 2147483647;
			files = (
				CF3FAE272B5A6985000E90E1 /* AppDelegate.swift in Sources */,
				CF3FAEBC2B5AA844000E90E1 /* Reusable.swift in Sources */,
				CF3FAE792B5A75B2000E90E1 /* ItemHeadLineTableViewCell.swift in Sources */,
				CF3FAE8C2B5A8E54000E90E1 /* HttpResponseStatus.swift in Sources */,
				CF3FAE992B5A90C0000E90E1 /* HeadLineCategory.swift in Sources */,
				CF3FAE972B5A90A6000E90E1 /* ArticleSortType.swift in Sources */,
				CF7B38BD2B5B925200EFE6BD /* CategoryViewController.swift in Sources */,
				CF3FAEA32B5A9423000E90E1 /* ViewState.swift in Sources */,
				CF3FAE7F2B5A7844000E90E1 /* ArticleDTO.swift in Sources */,
				CF7B38B02B5B806200EFE6BD /* AppDIContainer.swift in Sources */,
				CF3FAE7B2B5A7623000E90E1 /* Article.swift in Sources */,
				CF3FAE292B5A6985000E90E1 /* SceneDelegate.swift in Sources */,
				CF3FAE9B2B5A90CF000E90E1 /* HeadLineCountry.swift in Sources */,
				CF7B38BB2B5B8D8B00EFE6BD /* CategoryViewModel.swift in Sources */,
				CF3FAE872B5A7903000E90E1 /* ApiClientService.swift in Sources */,
				CF3FAEAE2B5A974A000E90E1 /* EndPoint.swift in Sources */,
				CF7B38BF2B5B92A400EFE6BD /* CategoryCoordinator.swift in Sources */,
				CF3FAE732B5A6EBC000E90E1 /* HeadLineCoordinator.swift in Sources */,
				CF3FAEC42B5AB245000E90E1 /* String+.swift in Sources */,
				CF3FAE812B5A784E000E90E1 /* SourceDTO.swift in Sources */,
				CF3FAE932B5A908A000E90E1 /* QueryParams.swift in Sources */,
				CF3FAE8A2B5A7C08000E90E1 /* ApiError.swift in Sources */,
				CF3FAE902B5A9053000E90E1 /* HeadLineQuery.swift in Sources */,
				CF7B38B62B5B84FA00EFE6BD /* ArticleDetailViewModel.swift in Sources */,
				CF3FAE852B5A78F0000E90E1 /* ArticleRepository.swift in Sources */,
				CF3FAEAA2B5A946D000E90E1 /* BaseViewModel.swift in Sources */,
				CF7B38B42B5B82C500EFE6BD /* ArticleDetailCoordinator.swift in Sources */,
				CF7B38C42B5B97C800EFE6BD /* ItemCategoryViewModel.swift in Sources */,
				CF3FAEB52B5AA6A8000E90E1 /* ItemHeadLineViewModel.swift in Sources */,
				CF3FAE7D2B5A7739000E90E1 /* ResultArticleDTO.swift in Sources */,
				CF3FAE952B5A909D000E90E1 /* SearchIn.swift in Sources */,
				CF3FAE6D2B5A6E40000E90E1 /* Coordinator.swift in Sources */,
				CF3FAEC62B5AB28C000E90E1 /* ApiClientServiceImpl.swift in Sources */,
				CF3FAE772B5A731B000E90E1 /* SearchResultViewController.swift in Sources */,
				CF3FAE9D2B5A91B3000E90E1 /* ArticleRepositoryImpl.swift in Sources */,
				CF7B38C62B5B98B200EFE6BD /* ItemCategoryCollectionViewCell.swift in Sources */,
				CF3FAEC12B5AB151000E90E1 /* MessageDisplayable.swift in Sources */,
				CF3FAE832B5A78B3000E90E1 /* ResultArticleDTO+Mapper.swift in Sources */,
				CF3FAE9F2B5A921F000E90E1 /* LoadHeadLineArticlesUseCase.swift in Sources */,
				CF3FAEBF2B5AB132000E90E1 /* SpinnerDisplayable.swift in Sources */,
				CF7B38C22B5B973700EFE6BD /* ViewValue.swift in Sources */,
				CF3FAE8E2B5A900E000E90E1 /* ArticleQuery.swift in Sources */,
				CF3FAEA12B5A9310000E90E1 /* HeadLineViewModel.swift in Sources */,
				CF3FAE752B5A6F0A000E90E1 /* HeadLineViewController.swift in Sources */,
				CF7B38B22B5B824E00EFE6BD /* ArticleDetailViewController.swift in Sources */,
			);
			runOnlyForDeploymentPostprocessing = 0;
		};
		CF3FAE352B5A6987000E90E1 /* Sources */ = {
			isa = PBXSourcesBuildPhase;
			buildActionMask = 2147483647;
			files = (
				CF3FAE3E2B5A6987000E90E1 /* NewsAppTests.swift in Sources */,
			);
			runOnlyForDeploymentPostprocessing = 0;
		};
		CF3FAE3F2B5A6987000E90E1 /* Sources */ = {
			isa = PBXSourcesBuildPhase;
			buildActionMask = 2147483647;
			files = (
				CF3FAE482B5A6987000E90E1 /* NewsAppUITests.swift in Sources */,
				CF3FAE4A2B5A6987000E90E1 /* NewsAppUITestsLaunchTests.swift in Sources */,
			);
			runOnlyForDeploymentPostprocessing = 0;
		};
/* End PBXSourcesBuildPhase section */

/* Begin PBXTargetDependency section */
		CF3FAE3B2B5A6987000E90E1 /* PBXTargetDependency */ = {
			isa = PBXTargetDependency;
			target = CF3FAE222B5A6985000E90E1 /* NewsApp */;
			targetProxy = CF3FAE3A2B5A6987000E90E1 /* PBXContainerItemProxy */;
		};
		CF3FAE452B5A6987000E90E1 /* PBXTargetDependency */ = {
			isa = PBXTargetDependency;
			target = CF3FAE222B5A6985000E90E1 /* NewsApp */;
			targetProxy = CF3FAE442B5A6987000E90E1 /* PBXContainerItemProxy */;
		};
/* End PBXTargetDependency section */

/* Begin PBXVariantGroup section */
		CF3FAE312B5A6986000E90E1 /* LaunchScreen.storyboard */ = {
			isa = PBXVariantGroup;
			children = (
				CF3FAE322B5A6986000E90E1 /* Base */,
			);
			name = LaunchScreen.storyboard;
			sourceTree = "<group>";
		};
/* End PBXVariantGroup section */

/* Begin XCBuildConfiguration section */
		CF3FAE4B2B5A6987000E90E1 /* Debug */ = {
			isa = XCBuildConfiguration;
			buildSettings = {
				ALWAYS_SEARCH_USER_PATHS = NO;
				ASSETCATALOG_COMPILER_GENERATE_SWIFT_ASSET_SYMBOL_EXTENSIONS = YES;
				CLANG_ANALYZER_NONNULL = YES;
				CLANG_ANALYZER_NUMBER_OBJECT_CONVERSION = YES_AGGRESSIVE;
				CLANG_CXX_LANGUAGE_STANDARD = "gnu++20";
				CLANG_ENABLE_MODULES = YES;
				CLANG_ENABLE_OBJC_ARC = YES;
				CLANG_ENABLE_OBJC_WEAK = YES;
				CLANG_WARN_BLOCK_CAPTURE_AUTORELEASING = YES;
				CLANG_WARN_BOOL_CONVERSION = YES;
				CLANG_WARN_COMMA = YES;
				CLANG_WARN_CONSTANT_CONVERSION = YES;
				CLANG_WARN_DEPRECATED_OBJC_IMPLEMENTATIONS = YES;
				CLANG_WARN_DIRECT_OBJC_ISA_USAGE = YES_ERROR;
				CLANG_WARN_DOCUMENTATION_COMMENTS = YES;
				CLANG_WARN_EMPTY_BODY = YES;
				CLANG_WARN_ENUM_CONVERSION = YES;
				CLANG_WARN_INFINITE_RECURSION = YES;
				CLANG_WARN_INT_CONVERSION = YES;
				CLANG_WARN_NON_LITERAL_NULL_CONVERSION = YES;
				CLANG_WARN_OBJC_IMPLICIT_RETAIN_SELF = YES;
				CLANG_WARN_OBJC_LITERAL_CONVERSION = YES;
				CLANG_WARN_OBJC_ROOT_CLASS = YES_ERROR;
				CLANG_WARN_QUOTED_INCLUDE_IN_FRAMEWORK_HEADER = YES;
				CLANG_WARN_RANGE_LOOP_ANALYSIS = YES;
				CLANG_WARN_STRICT_PROTOTYPES = YES;
				CLANG_WARN_SUSPICIOUS_MOVE = YES;
				CLANG_WARN_UNGUARDED_AVAILABILITY = YES_AGGRESSIVE;
				CLANG_WARN_UNREACHABLE_CODE = YES;
				CLANG_WARN__DUPLICATE_METHOD_MATCH = YES;
				COPY_PHASE_STRIP = NO;
				DEBUG_INFORMATION_FORMAT = dwarf;
				ENABLE_STRICT_OBJC_MSGSEND = YES;
				ENABLE_TESTABILITY = YES;
				ENABLE_USER_SCRIPT_SANDBOXING = YES;
				GCC_C_LANGUAGE_STANDARD = gnu17;
				GCC_DYNAMIC_NO_PIC = NO;
				GCC_NO_COMMON_BLOCKS = YES;
				GCC_OPTIMIZATION_LEVEL = 0;
				GCC_PREPROCESSOR_DEFINITIONS = (
					"DEBUG=1",
					"$(inherited)",
				);
				GCC_WARN_64_TO_32_BIT_CONVERSION = YES;
				GCC_WARN_ABOUT_RETURN_TYPE = YES_ERROR;
				GCC_WARN_UNDECLARED_SELECTOR = YES;
				GCC_WARN_UNINITIALIZED_AUTOS = YES_AGGRESSIVE;
				GCC_WARN_UNUSED_FUNCTION = YES;
				GCC_WARN_UNUSED_VARIABLE = YES;
				IPHONEOS_DEPLOYMENT_TARGET = 17.0;
				LOCALIZATION_PREFERS_STRING_CATALOGS = YES;
				MTL_ENABLE_DEBUG_INFO = INCLUDE_SOURCE;
				MTL_FAST_MATH = YES;
				ONLY_ACTIVE_ARCH = YES;
				SDKROOT = iphoneos;
				SWIFT_ACTIVE_COMPILATION_CONDITIONS = "DEBUG $(inherited)";
				SWIFT_OPTIMIZATION_LEVEL = "-Onone";
			};
			name = Debug;
		};
		CF3FAE4C2B5A6987000E90E1 /* Release */ = {
			isa = XCBuildConfiguration;
			buildSettings = {
				ALWAYS_SEARCH_USER_PATHS = NO;
				ASSETCATALOG_COMPILER_GENERATE_SWIFT_ASSET_SYMBOL_EXTENSIONS = YES;
				CLANG_ANALYZER_NONNULL = YES;
				CLANG_ANALYZER_NUMBER_OBJECT_CONVERSION = YES_AGGRESSIVE;
				CLANG_CXX_LANGUAGE_STANDARD = "gnu++20";
				CLANG_ENABLE_MODULES = YES;
				CLANG_ENABLE_OBJC_ARC = YES;
				CLANG_ENABLE_OBJC_WEAK = YES;
				CLANG_WARN_BLOCK_CAPTURE_AUTORELEASING = YES;
				CLANG_WARN_BOOL_CONVERSION = YES;
				CLANG_WARN_COMMA = YES;
				CLANG_WARN_CONSTANT_CONVERSION = YES;
				CLANG_WARN_DEPRECATED_OBJC_IMPLEMENTATIONS = YES;
				CLANG_WARN_DIRECT_OBJC_ISA_USAGE = YES_ERROR;
				CLANG_WARN_DOCUMENTATION_COMMENTS = YES;
				CLANG_WARN_EMPTY_BODY = YES;
				CLANG_WARN_ENUM_CONVERSION = YES;
				CLANG_WARN_INFINITE_RECURSION = YES;
				CLANG_WARN_INT_CONVERSION = YES;
				CLANG_WARN_NON_LITERAL_NULL_CONVERSION = YES;
				CLANG_WARN_OBJC_IMPLICIT_RETAIN_SELF = YES;
				CLANG_WARN_OBJC_LITERAL_CONVERSION = YES;
				CLANG_WARN_OBJC_ROOT_CLASS = YES_ERROR;
				CLANG_WARN_QUOTED_INCLUDE_IN_FRAMEWORK_HEADER = YES;
				CLANG_WARN_RANGE_LOOP_ANALYSIS = YES;
				CLANG_WARN_STRICT_PROTOTYPES = YES;
				CLANG_WARN_SUSPICIOUS_MOVE = YES;
				CLANG_WARN_UNGUARDED_AVAILABILITY = YES_AGGRESSIVE;
				CLANG_WARN_UNREACHABLE_CODE = YES;
				CLANG_WARN__DUPLICATE_METHOD_MATCH = YES;
				COPY_PHASE_STRIP = NO;
				DEBUG_INFORMATION_FORMAT = "dwarf-with-dsym";
				ENABLE_NS_ASSERTIONS = NO;
				ENABLE_STRICT_OBJC_MSGSEND = YES;
				ENABLE_USER_SCRIPT_SANDBOXING = YES;
				GCC_C_LANGUAGE_STANDARD = gnu17;
				GCC_NO_COMMON_BLOCKS = YES;
				GCC_WARN_64_TO_32_BIT_CONVERSION = YES;
				GCC_WARN_ABOUT_RETURN_TYPE = YES_ERROR;
				GCC_WARN_UNDECLARED_SELECTOR = YES;
				GCC_WARN_UNINITIALIZED_AUTOS = YES_AGGRESSIVE;
				GCC_WARN_UNUSED_FUNCTION = YES;
				GCC_WARN_UNUSED_VARIABLE = YES;
				IPHONEOS_DEPLOYMENT_TARGET = 17.0;
				LOCALIZATION_PREFERS_STRING_CATALOGS = YES;
				MTL_ENABLE_DEBUG_INFO = NO;
				MTL_FAST_MATH = YES;
				SDKROOT = iphoneos;
				SWIFT_COMPILATION_MODE = wholemodule;
				VALIDATE_PRODUCT = YES;
			};
			name = Release;
		};
		CF3FAE4E2B5A6987000E90E1 /* Debug */ = {
			isa = XCBuildConfiguration;
			buildSettings = {
				ASSETCATALOG_COMPILER_APPICON_NAME = AppIcon;
				ASSETCATALOG_COMPILER_GLOBAL_ACCENT_COLOR_NAME = AccentColor;
				CODE_SIGN_STYLE = Automatic;
				CURRENT_PROJECT_VERSION = 1;
				DEVELOPMENT_TEAM = EX6G2VC9J8;
				GENERATE_INFOPLIST_FILE = YES;
				INFOPLIST_FILE = NewsApp/Info.plist;
				INFOPLIST_KEY_UIApplicationSupportsIndirectInputEvents = YES;
				INFOPLIST_KEY_UILaunchStoryboardName = LaunchScreen;
				INFOPLIST_KEY_UISupportedInterfaceOrientations_iPad = "UIInterfaceOrientationPortrait UIInterfaceOrientationPortraitUpsideDown UIInterfaceOrientationLandscapeLeft UIInterfaceOrientationLandscapeRight";
				INFOPLIST_KEY_UISupportedInterfaceOrientations_iPhone = "UIInterfaceOrientationPortrait UIInterfaceOrientationLandscapeLeft UIInterfaceOrientationLandscapeRight";
				IPHONEOS_DEPLOYMENT_TARGET = 15.0;
				LD_RUNPATH_SEARCH_PATHS = (
					"$(inherited)",
					"@executable_path/Frameworks",
				);
				MARKETING_VERSION = 1.0;
				PRODUCT_BUNDLE_IDENTIFIER = com.dldmswo1209.NewsApp;
				PRODUCT_NAME = "$(TARGET_NAME)";
				SWIFT_EMIT_LOC_STRINGS = YES;
				SWIFT_VERSION = 5.0;
				TARGETED_DEVICE_FAMILY = "1,2";
			};
			name = Debug;
		};
		CF3FAE4F2B5A6987000E90E1 /* Release */ = {
			isa = XCBuildConfiguration;
			buildSettings = {
				ASSETCATALOG_COMPILER_APPICON_NAME = AppIcon;
				ASSETCATALOG_COMPILER_GLOBAL_ACCENT_COLOR_NAME = AccentColor;
				CODE_SIGN_STYLE = Automatic;
				CURRENT_PROJECT_VERSION = 1;
				DEVELOPMENT_TEAM = EX6G2VC9J8;
				GENERATE_INFOPLIST_FILE = YES;
				INFOPLIST_FILE = NewsApp/Info.plist;
				INFOPLIST_KEY_UIApplicationSupportsIndirectInputEvents = YES;
				INFOPLIST_KEY_UILaunchStoryboardName = LaunchScreen;
				INFOPLIST_KEY_UISupportedInterfaceOrientations_iPad = "UIInterfaceOrientationPortrait UIInterfaceOrientationPortraitUpsideDown UIInterfaceOrientationLandscapeLeft UIInterfaceOrientationLandscapeRight";
				INFOPLIST_KEY_UISupportedInterfaceOrientations_iPhone = "UIInterfaceOrientationPortrait UIInterfaceOrientationLandscapeLeft UIInterfaceOrientationLandscapeRight";
				IPHONEOS_DEPLOYMENT_TARGET = 15.0;
				LD_RUNPATH_SEARCH_PATHS = (
					"$(inherited)",
					"@executable_path/Frameworks",
				);
				MARKETING_VERSION = 1.0;
				PRODUCT_BUNDLE_IDENTIFIER = com.dldmswo1209.NewsApp;
				PRODUCT_NAME = "$(TARGET_NAME)";
				SWIFT_EMIT_LOC_STRINGS = YES;
				SWIFT_VERSION = 5.0;
				TARGETED_DEVICE_FAMILY = "1,2";
			};
			name = Release;
		};
		CF3FAE512B5A6987000E90E1 /* Debug */ = {
			isa = XCBuildConfiguration;
			buildSettings = {
				ALWAYS_EMBED_SWIFT_STANDARD_LIBRARIES = YES;
				BUNDLE_LOADER = "$(TEST_HOST)";
				CODE_SIGN_STYLE = Automatic;
				CURRENT_PROJECT_VERSION = 1;
				DEVELOPMENT_TEAM = EX6G2VC9J8;
				GENERATE_INFOPLIST_FILE = YES;
				IPHONEOS_DEPLOYMENT_TARGET = 17.0;
				MARKETING_VERSION = 1.0;
				PRODUCT_BUNDLE_IDENTIFIER = com.dldmswo1209.NewsAppTests;
				PRODUCT_NAME = "$(TARGET_NAME)";
				SWIFT_EMIT_LOC_STRINGS = NO;
				SWIFT_VERSION = 5.0;
				TARGETED_DEVICE_FAMILY = "1,2";
				TEST_HOST = "$(BUILT_PRODUCTS_DIR)/NewsApp.app/$(BUNDLE_EXECUTABLE_FOLDER_PATH)/NewsApp";
			};
			name = Debug;
		};
		CF3FAE522B5A6987000E90E1 /* Release */ = {
			isa = XCBuildConfiguration;
			buildSettings = {
				ALWAYS_EMBED_SWIFT_STANDARD_LIBRARIES = YES;
				BUNDLE_LOADER = "$(TEST_HOST)";
				CODE_SIGN_STYLE = Automatic;
				CURRENT_PROJECT_VERSION = 1;
				DEVELOPMENT_TEAM = EX6G2VC9J8;
				GENERATE_INFOPLIST_FILE = YES;
				IPHONEOS_DEPLOYMENT_TARGET = 17.0;
				MARKETING_VERSION = 1.0;
				PRODUCT_BUNDLE_IDENTIFIER = com.dldmswo1209.NewsAppTests;
				PRODUCT_NAME = "$(TARGET_NAME)";
				SWIFT_EMIT_LOC_STRINGS = NO;
				SWIFT_VERSION = 5.0;
				TARGETED_DEVICE_FAMILY = "1,2";
				TEST_HOST = "$(BUILT_PRODUCTS_DIR)/NewsApp.app/$(BUNDLE_EXECUTABLE_FOLDER_PATH)/NewsApp";
			};
			name = Release;
		};
		CF3FAE542B5A6987000E90E1 /* Debug */ = {
			isa = XCBuildConfiguration;
			buildSettings = {
				ALWAYS_EMBED_SWIFT_STANDARD_LIBRARIES = YES;
				CODE_SIGN_STYLE = Automatic;
				CURRENT_PROJECT_VERSION = 1;
				DEVELOPMENT_TEAM = EX6G2VC9J8;
				GENERATE_INFOPLIST_FILE = YES;
				MARKETING_VERSION = 1.0;
				PRODUCT_BUNDLE_IDENTIFIER = com.dldmswo1209.NewsAppUITests;
				PRODUCT_NAME = "$(TARGET_NAME)";
				SWIFT_EMIT_LOC_STRINGS = NO;
				SWIFT_VERSION = 5.0;
				TARGETED_DEVICE_FAMILY = "1,2";
				TEST_TARGET_NAME = NewsApp;
			};
			name = Debug;
		};
		CF3FAE552B5A6987000E90E1 /* Release */ = {
			isa = XCBuildConfiguration;
			buildSettings = {
				ALWAYS_EMBED_SWIFT_STANDARD_LIBRARIES = YES;
				CODE_SIGN_STYLE = Automatic;
				CURRENT_PROJECT_VERSION = 1;
				DEVELOPMENT_TEAM = EX6G2VC9J8;
				GENERATE_INFOPLIST_FILE = YES;
				MARKETING_VERSION = 1.0;
				PRODUCT_BUNDLE_IDENTIFIER = com.dldmswo1209.NewsAppUITests;
				PRODUCT_NAME = "$(TARGET_NAME)";
				SWIFT_EMIT_LOC_STRINGS = NO;
				SWIFT_VERSION = 5.0;
				TARGETED_DEVICE_FAMILY = "1,2";
				TEST_TARGET_NAME = NewsApp;
			};
			name = Release;
		};
/* End XCBuildConfiguration section */

/* Begin XCConfigurationList section */
		CF3FAE1E2B5A6985000E90E1 /* Build configuration list for PBXProject "NewsApp" */ = {
			isa = XCConfigurationList;
			buildConfigurations = (
				CF3FAE4B2B5A6987000E90E1 /* Debug */,
				CF3FAE4C2B5A6987000E90E1 /* Release */,
			);
			defaultConfigurationIsVisible = 0;
			defaultConfigurationName = Release;
		};
		CF3FAE4D2B5A6987000E90E1 /* Build configuration list for PBXNativeTarget "NewsApp" */ = {
			isa = XCConfigurationList;
			buildConfigurations = (
				CF3FAE4E2B5A6987000E90E1 /* Debug */,
				CF3FAE4F2B5A6987000E90E1 /* Release */,
			);
			defaultConfigurationIsVisible = 0;
			defaultConfigurationName = Release;
		};
		CF3FAE502B5A6987000E90E1 /* Build configuration list for PBXNativeTarget "NewsAppTests" */ = {
			isa = XCConfigurationList;
			buildConfigurations = (
				CF3FAE512B5A6987000E90E1 /* Debug */,
				CF3FAE522B5A6987000E90E1 /* Release */,
			);
			defaultConfigurationIsVisible = 0;
			defaultConfigurationName = Release;
		};
		CF3FAE532B5A6987000E90E1 /* Build configuration list for PBXNativeTarget "NewsAppUITests" */ = {
			isa = XCConfigurationList;
			buildConfigurations = (
				CF3FAE542B5A6987000E90E1 /* Debug */,
				CF3FAE552B5A6987000E90E1 /* Release */,
			);
			defaultConfigurationIsVisible = 0;
			defaultConfigurationName = Release;
		};
/* End XCConfigurationList section */

/* Begin XCRemoteSwiftPackageReference section */
		CF3FAEAF2B5AA5CB000E90E1 /* XCRemoteSwiftPackageReference "SnapKit" */ = {
			isa = XCRemoteSwiftPackageReference;
			repositoryURL = "https://github.com/SnapKit/SnapKit.git";
			requirement = {
				kind = upToNextMajorVersion;
				minimumVersion = 5.7.0;
			};
		};
		CF3FAEB62B5AA710000E90E1 /* XCRemoteSwiftPackageReference "SDWebImage" */ = {
			isa = XCRemoteSwiftPackageReference;
			repositoryURL = "https://github.com/SDWebImage/SDWebImage.git";
			requirement = {
				kind = upToNextMajorVersion;
				minimumVersion = 5.18.10;
			};
		};
/* End XCRemoteSwiftPackageReference section */

/* Begin XCSwiftPackageProductDependency section */
		CF3FAEB02B5AA5CB000E90E1 /* SnapKit */ = {
			isa = XCSwiftPackageProductDependency;
			package = CF3FAEAF2B5AA5CB000E90E1 /* XCRemoteSwiftPackageReference "SnapKit" */;
			productName = SnapKit;
		};
		CF3FAEB22B5AA5CB000E90E1 /* SnapKit-Dynamic */ = {
			isa = XCSwiftPackageProductDependency;
			package = CF3FAEAF2B5AA5CB000E90E1 /* XCRemoteSwiftPackageReference "SnapKit" */;
			productName = "SnapKit-Dynamic";
		};
		CF3FAEB72B5AA710000E90E1 /* SDWebImage */ = {
			isa = XCSwiftPackageProductDependency;
			package = CF3FAEB62B5AA710000E90E1 /* XCRemoteSwiftPackageReference "SDWebImage" */;
			productName = SDWebImage;
		};
		CF3FAEB92B5AA710000E90E1 /* SDWebImageMapKit */ = {
			isa = XCSwiftPackageProductDependency;
			package = CF3FAEB62B5AA710000E90E1 /* XCRemoteSwiftPackageReference "SDWebImage" */;
			productName = SDWebImageMapKit;
		};
/* End XCSwiftPackageProductDependency section */
	};
	rootObject = CF3FAE1B2B5A6985000E90E1 /* Project object */;
}
